// !$*UTF8*$!
{
	archiveVersion = 1;
	classes = {
	};
	objectVersion = 46;
	objects = {

/* Begin PBXBuildFile section */
		F62275C817E220B900523AC0 /* libAgilent.a in Frameworks */ = {isa = PBXBuildFile; fileRef = F6E41D4D17C60B0D0043A338 /* libAgilent.a */; };
		F62275C917E220BF00523AC0 /* fdfhdr_main.cpp in Sources */ = {isa = PBXBuildFile; fileRef = F6980B4117E2200E00F7DBD3 /* fdfhdr_main.cpp */; };
		F62B6E8A17D8D5FB009C9C3D /* libNifti.a in Frameworks */ = {isa = PBXBuildFile; fileRef = F6E41D8017C60CF30043A338 /* libNifti.a */; };
		F62B6E8B17D8D607009C9C3D /* libz.dylib in Frameworks */ = {isa = PBXBuildFile; fileRef = F6CF0AE617CFEFD1000B56BA /* libz.dylib */; };
		F62E0D7217C7C85200A445AE /* fdf.cpp in Sources */ = {isa = PBXBuildFile; fileRef = F62E0D7017C7C85200A445AE /* fdf.cpp */; };
		F62E0D7317C7C85200A445AE /* fdf.h in Headers */ = {isa = PBXBuildFile; fileRef = F62E0D7117C7C85200A445AE /* fdf.h */; settings = {ATTRIBUTES = (); }; };
		F62E0D7817C7C89000A445AE /* fdfFile.cpp in Sources */ = {isa = PBXBuildFile; fileRef = F62E0D7617C7C89000A445AE /* fdfFile.cpp */; };
		F62E0D7917C7C89000A445AE /* fdfFile.h in Headers */ = {isa = PBXBuildFile; fileRef = F62E0D7717C7C89000A445AE /* fdfFile.h */; settings = {ATTRIBUTES = (); }; };
		F67FA0BF17CEA7CF00B4FA63 /* FID.h in Headers */ = {isa = PBXBuildFile; fileRef = F6E41D3F17C60AC00043A338 /* FID.h */; settings = {ATTRIBUTES = (); }; };
		F67FA0C017CEA7D600B4FA63 /* FIDFile.h in Headers */ = {isa = PBXBuildFile; fileRef = F6E41D4117C60AC00043A338 /* FIDFile.h */; settings = {ATTRIBUTES = (); }; };
		F67FA0C117CEA7D900B4FA63 /* procpar.h in Headers */ = {isa = PBXBuildFile; fileRef = F6E41D4517C60AC00043A338 /* procpar.h */; settings = {ATTRIBUTES = (); }; };
		F67FA0C217CEA7E700B4FA63 /* util.h in Headers */ = {isa = PBXBuildFile; fileRef = F6E41D4717C60AC00043A338 /* util.h */; settings = {ATTRIBUTES = (); }; };
		F6980B4217E2200E00F7DBD3 /* fdfhdr_main.cpp in Sources */ = {isa = PBXBuildFile; fileRef = F6980B4117E2200E00F7DBD3 /* fdfhdr_main.cpp */; };
		F6CF0AE417CFEFCC000B56BA /* libAgilent.a in Frameworks */ = {isa = PBXBuildFile; fileRef = F6E41D4D17C60B0D0043A338 /* libAgilent.a */; };
		F6CF0AE517CFEFCC000B56BA /* libNifti.a in Frameworks */ = {isa = PBXBuildFile; fileRef = F6E41D8017C60CF30043A338 /* libNifti.a */; };
		F6CF0AE717CFEFD1000B56BA /* libz.dylib in Frameworks */ = {isa = PBXBuildFile; fileRef = F6CF0AE617CFEFD1000B56BA /* libz.dylib */; };
		F6CF0AE917CFF063000B56BA /* fdf2nii_main.cpp in Sources */ = {isa = PBXBuildFile; fileRef = F6CF0AE817CFF063000B56BA /* fdf2nii_main.cpp */; };
		F6E41D5217C60B1E0043A338 /* FID.cpp in Sources */ = {isa = PBXBuildFile; fileRef = F6E41D3E17C60AC00043A338 /* FID.cpp */; };
		F6E41D5317C60B1E0043A338 /* FIDFile.cpp in Sources */ = {isa = PBXBuildFile; fileRef = F6E41D4017C60AC00043A338 /* FIDFile.cpp */; };
		F6E41D5417C60B1E0043A338 /* procpar.cpp in Sources */ = {isa = PBXBuildFile; fileRef = F6E41D4417C60AC00043A338 /* procpar.cpp */; };
		F6E41D5517C60B3B0043A338 /* util.cpp in Sources */ = {isa = PBXBuildFile; fileRef = F6E41D4617C60AC00043A338 /* util.cpp */; };
		F6E41D6517C60B650043A338 /* procparse_main.cpp in Sources */ = {isa = PBXBuildFile; fileRef = F6E41D4217C60AC00043A338 /* procparse_main.cpp */; };
		F6E41D6617C60B6D0043A338 /* libAgilent.a in Frameworks */ = {isa = PBXBuildFile; fileRef = F6E41D4D17C60B0D0043A338 /* libAgilent.a */; };
/* End PBXBuildFile section */

/* Begin PBXContainerItemProxy section */
		F62275C417E220B200523AC0 /* PBXContainerItemProxy */ = {
			isa = PBXContainerItemProxy;
			containerPortal = F6E41D3817C60A8F0043A338 /* Project object */;
			proxyType = 1;
			remoteGlobalIDString = F6E41D4C17C60B0D0043A338;
			remoteInfo = Agilent;
		};
		F62B6E8717D8D5F6009C9C3D /* PBXContainerItemProxy */ = {
			isa = PBXContainerItemProxy;
			containerPortal = F6E41D7817C60CF30043A338 /* NiftiImage.xcodeproj */;
			proxyType = 1;
			remoteGlobalIDString = F6F2E6EE1792164800A4AC8F;
			remoteInfo = Nifti;
		};
		F6CF0AE017CFEFC6000B56BA /* PBXContainerItemProxy */ = {
			isa = PBXContainerItemProxy;
			containerPortal = F6E41D3817C60A8F0043A338 /* Project object */;
			proxyType = 1;
			remoteGlobalIDString = F6E41D4C17C60B0D0043A338;
			remoteInfo = Agilent;
		};
		F6CF0AE217CFEFC6000B56BA /* PBXContainerItemProxy */ = {
			isa = PBXContainerItemProxy;
			containerPortal = F6E41D7817C60CF30043A338 /* NiftiImage.xcodeproj */;
			proxyType = 1;
			remoteGlobalIDString = F6F2E6EE1792164800A4AC8F;
			remoteInfo = Nifti;
		};
		F6E41D6317C60B5E0043A338 /* PBXContainerItemProxy */ = {
			isa = PBXContainerItemProxy;
			containerPortal = F6E41D3817C60A8F0043A338 /* Project object */;
			proxyType = 1;
			remoteGlobalIDString = F6E41D4C17C60B0D0043A338;
			remoteInfo = Agilent;
		};
		F6E41D7D17C60CF30043A338 /* PBXContainerItemProxy */ = {
			isa = PBXContainerItemProxy;
			containerPortal = F6E41D7817C60CF30043A338 /* NiftiImage.xcodeproj */;
			proxyType = 2;
			remoteGlobalIDString = F6BADCDD178B75CA00DCD475;
			remoteInfo = nifti_hdr;
		};
		F6E41D7F17C60CF30043A338 /* PBXContainerItemProxy */ = {
			isa = PBXContainerItemProxy;
			containerPortal = F6E41D7817C60CF30043A338 /* NiftiImage.xcodeproj */;
			proxyType = 2;
			remoteGlobalIDString = F6F2E6EF1792164800A4AC8F;
			remoteInfo = Nifti;
		};
/* End PBXContainerItemProxy section */

/* Begin PBXCopyFilesBuildPhase section */
		F62275B917E2208200523AC0 /* CopyFiles */ = {
			isa = PBXCopyFilesBuildPhase;
			buildActionMask = 2147483647;
			dstPath = /usr/share/man/man1/;
			dstSubfolderSpec = 0;
			files = (
			);
			runOnlyForDeploymentPostprocessing = 1;
		};
		F6CF0AD517CFEFBC000B56BA /* CopyFiles */ = {
			isa = PBXCopyFilesBuildPhase;
			buildActionMask = 2147483647;
			dstPath = /usr/share/man/man1/;
			dstSubfolderSpec = 0;
			files = (
			);
			runOnlyForDeploymentPostprocessing = 1;
		};
		F6E41D5817C60B490043A338 /* CopyFiles */ = {
			isa = PBXCopyFilesBuildPhase;
			buildActionMask = 2147483647;
			dstPath = /usr/share/man/man1/;
			dstSubfolderSpec = 0;
			files = (
			);
			runOnlyForDeploymentPostprocessing = 1;
		};
/* End PBXCopyFilesBuildPhase section */

/* Begin PBXFileReference section */
		F62275BB17E2208200523AC0 /* fdfhdr */ = {isa = PBXFileReference; explicitFileType = "compiled.mach-o.executable"; includeInIndex = 0; path = fdfhdr; sourceTree = BUILT_PRODUCTS_DIR; };
		F62E0D7017C7C85200A445AE /* fdf.cpp */ = {isa = PBXFileReference; fileEncoding = 4; lastKnownFileType = sourcecode.cpp.cpp; name = fdf.cpp; path = src/fdf.cpp; sourceTree = "<group>"; };
		F62E0D7117C7C85200A445AE /* fdf.h */ = {isa = PBXFileReference; fileEncoding = 4; lastKnownFileType = sourcecode.c.h; name = fdf.h; path = src/fdf.h; sourceTree = "<group>"; };
		F62E0D7617C7C89000A445AE /* fdfFile.cpp */ = {isa = PBXFileReference; fileEncoding = 4; lastKnownFileType = sourcecode.cpp.cpp; name = fdfFile.cpp; path = src/fdfFile.cpp; sourceTree = "<group>"; };
		F62E0D7717C7C89000A445AE /* fdfFile.h */ = {isa = PBXFileReference; fileEncoding = 4; lastKnownFileType = sourcecode.c.h; name = fdfFile.h; path = src/fdfFile.h; sourceTree = "<group>"; };
		F6980B4117E2200E00F7DBD3 /* fdfhdr_main.cpp */ = {isa = PBXFileReference; fileEncoding = 4; lastKnownFileType = sourcecode.cpp.cpp; name = fdfhdr_main.cpp; path = src/fdfhdr_main.cpp; sourceTree = "<group>"; };
		F6B126D617D09FFA008D30F2 /* Makefile */ = {isa = PBXFileReference; fileEncoding = 4; lastKnownFileType = sourcecode.make; name = Makefile; path = build/Makefile; sourceTree = "<group>"; };
		F6B126E317D0D451008D30F2 /* fdf2nii.py */ = {isa = PBXFileReference; fileEncoding = 4; lastKnownFileType = text.script.python; name = fdf2nii.py; path = python/fdf2nii.py; sourceTree = "<group>"; };
		F6CF0AD717CFEFBC000B56BA /* fdf2nii */ = {isa = PBXFileReference; explicitFileType = "compiled.mach-o.executable"; includeInIndex = 0; path = fdf2nii; sourceTree = BUILT_PRODUCTS_DIR; };
		F6CF0AE617CFEFD1000B56BA /* libz.dylib */ = {isa = PBXFileReference; lastKnownFileType = "compiled.mach-o.dylib"; name = libz.dylib; path = Platforms/MacOSX.platform/Developer/SDKs/MacOSX10.8.sdk/usr/lib/libz.dylib; sourceTree = DEVELOPER_DIR; };
		F6CF0AE817CFF063000B56BA /* fdf2nii_main.cpp */ = {isa = PBXFileReference; fileEncoding = 4; lastKnownFileType = sourcecode.cpp.cpp; name = fdf2nii_main.cpp; path = src/fdf2nii_main.cpp; sourceTree = "<group>"; };
		F6E41D3E17C60AC00043A338 /* FID.cpp */ = {isa = PBXFileReference; lastKnownFileType = sourcecode.cpp.cpp; name = FID.cpp; path = src/FID.cpp; sourceTree = "<group>"; };
		F6E41D3F17C60AC00043A338 /* FID.h */ = {isa = PBXFileReference; lastKnownFileType = sourcecode.c.h; name = FID.h; path = src/FID.h; sourceTree = "<group>"; };
		F6E41D4017C60AC00043A338 /* FIDFile.cpp */ = {isa = PBXFileReference; lastKnownFileType = sourcecode.cpp.cpp; name = FIDFile.cpp; path = src/FIDFile.cpp; sourceTree = "<group>"; };
		F6E41D4117C60AC00043A338 /* FIDFile.h */ = {isa = PBXFileReference; lastKnownFileType = sourcecode.c.h; name = FIDFile.h; path = src/FIDFile.h; sourceTree = "<group>"; };
		F6E41D4217C60AC00043A338 /* procparse_main.cpp */ = {isa = PBXFileReference; lastKnownFileType = sourcecode.cpp.cpp; name = procparse_main.cpp; path = src/procparse_main.cpp; sourceTree = "<group>"; };
		F6E41D4317C60AC00043A338 /* nrecon.cpp */ = {isa = PBXFileReference; lastKnownFileType = sourcecode.cpp.cpp; name = nrecon.cpp; path = src/nrecon.cpp; sourceTree = "<group>"; };
		F6E41D4417C60AC00043A338 /* procpar.cpp */ = {isa = PBXFileReference; lastKnownFileType = sourcecode.cpp.cpp; name = procpar.cpp; path = src/procpar.cpp; sourceTree = "<group>"; };
		F6E41D4517C60AC00043A338 /* procpar.h */ = {isa = PBXFileReference; lastKnownFileType = sourcecode.c.h; name = procpar.h; path = src/procpar.h; sourceTree = "<group>"; };
		F6E41D4617C60AC00043A338 /* util.cpp */ = {isa = PBXFileReference; lastKnownFileType = sourcecode.cpp.cpp; name = util.cpp; path = src/util.cpp; sourceTree = "<group>"; };
		F6E41D4717C60AC00043A338 /* util.h */ = {isa = PBXFileReference; lastKnownFileType = sourcecode.c.h; name = util.h; path = src/util.h; sourceTree = "<group>"; };
		F6E41D4D17C60B0D0043A338 /* libAgilent.a */ = {isa = PBXFileReference; explicitFileType = archive.ar; includeInIndex = 0; path = libAgilent.a; sourceTree = BUILT_PRODUCTS_DIR; };
		F6E41D5A17C60B490043A338 /* procparse */ = {isa = PBXFileReference; explicitFileType = "compiled.mach-o.executable"; includeInIndex = 0; path = procparse; sourceTree = BUILT_PRODUCTS_DIR; };
		F6E41D7817C60CF30043A338 /* NiftiImage.xcodeproj */ = {isa = PBXFileReference; lastKnownFileType = "wrapper.pb-project"; name = NiftiImage.xcodeproj; path = ../Nifti/NiftiImage.xcodeproj; sourceTree = "<group>"; };
/* End PBXFileReference section */

/* Begin PBXFrameworksBuildPhase section */
		F62275B817E2208200523AC0 /* Frameworks */ = {
			isa = PBXFrameworksBuildPhase;
			buildActionMask = 2147483647;
			files = (
				F62275C817E220B900523AC0 /* libAgilent.a in Frameworks */,
			);
			runOnlyForDeploymentPostprocessing = 0;
		};
		F6CF0AD417CFEFBC000B56BA /* Frameworks */ = {
			isa = PBXFrameworksBuildPhase;
			buildActionMask = 2147483647;
			files = (
				F6CF0AE717CFEFD1000B56BA /* libz.dylib in Frameworks */,
				F6CF0AE417CFEFCC000B56BA /* libAgilent.a in Frameworks */,
				F6CF0AE517CFEFCC000B56BA /* libNifti.a in Frameworks */,
			);
			runOnlyForDeploymentPostprocessing = 0;
		};
		F6E41D4A17C60B0D0043A338 /* Frameworks */ = {
			isa = PBXFrameworksBuildPhase;
			buildActionMask = 2147483647;
			files = (
			);
			runOnlyForDeploymentPostprocessing = 0;
		};
		F6E41D5717C60B490043A338 /* Frameworks */ = {
			isa = PBXFrameworksBuildPhase;
			buildActionMask = 2147483647;
			files = (
				F62B6E8B17D8D607009C9C3D /* libz.dylib in Frameworks */,
				F62B6E8A17D8D5FB009C9C3D /* libNifti.a in Frameworks */,
				F6E41D6617C60B6D0043A338 /* libAgilent.a in Frameworks */,
			);
			runOnlyForDeploymentPostprocessing = 0;
		};
/* End PBXFrameworksBuildPhase section */

/* Begin PBXGroup section */
		F6B126E117D0D445008D30F2 /* Python */ = {
			isa = PBXGroup;
			children = (
				F6B126E317D0D451008D30F2 /* fdf2nii.py */,
			);
			name = Python;
			sourceTree = "<group>";
		};
		F6E41D3717C60A8F0043A338 = {
			isa = PBXGroup;
			children = (
				F6CF0AE617CFEFD1000B56BA /* libz.dylib */,
				F6E41D7817C60CF30043A338 /* NiftiImage.xcodeproj */,
				F6B126D617D09FFA008D30F2 /* Makefile */,
				F6E41D4817C60ACA0043A338 /* Source */,
				F6E41D4E17C60B0D0043A338 /* Products */,
				F6B126E117D0D445008D30F2 /* Python */,
			);
			sourceTree = "<group>";
		};
		F6E41D4817C60ACA0043A338 /* Source */ = {
			isa = PBXGroup;
			children = (
				F6E41D3E17C60AC00043A338 /* FID.cpp */,
				F6E41D3F17C60AC00043A338 /* FID.h */,
				F6E41D4017C60AC00043A338 /* FIDFile.cpp */,
				F6E41D4117C60AC00043A338 /* FIDFile.h */,
				F6E41D4417C60AC00043A338 /* procpar.cpp */,
				F6E41D4517C60AC00043A338 /* procpar.h */,
				F6E41D4617C60AC00043A338 /* util.cpp */,
				F6E41D4717C60AC00043A338 /* util.h */,
				F62E0D7017C7C85200A445AE /* fdf.cpp */,
				F62E0D7117C7C85200A445AE /* fdf.h */,
				F62E0D7617C7C89000A445AE /* fdfFile.cpp */,
				F62E0D7717C7C89000A445AE /* fdfFile.h */,
				F6E41D4317C60AC00043A338 /* nrecon.cpp */,
				F6E41D4217C60AC00043A338 /* procparse_main.cpp */,
				F6CF0AE817CFF063000B56BA /* fdf2nii_main.cpp */,
				F6980B4117E2200E00F7DBD3 /* fdfhdr_main.cpp */,
			);
			name = Source;
			sourceTree = "<group>";
		};
		F6E41D4E17C60B0D0043A338 /* Products */ = {
			isa = PBXGroup;
			children = (
				F6E41D4D17C60B0D0043A338 /* libAgilent.a */,
				F6E41D5A17C60B490043A338 /* procparse */,
				F6CF0AD717CFEFBC000B56BA /* fdf2nii */,
				F62275BB17E2208200523AC0 /* fdfhdr */,
			);
			name = Products;
			sourceTree = "<group>";
		};
		F6E41D7917C60CF30043A338 /* Products */ = {
			isa = PBXGroup;
			children = (
				F6E41D7E17C60CF30043A338 /* nifti_hdr */,
				F6E41D8017C60CF30043A338 /* libNifti.a */,
			);
			name = Products;
			sourceTree = "<group>";
		};
/* End PBXGroup section */

/* Begin PBXHeadersBuildPhase section */
		F6E41D4B17C60B0D0043A338 /* Headers */ = {
			isa = PBXHeadersBuildPhase;
			buildActionMask = 2147483647;
			files = (
				F62E0D7317C7C85200A445AE /* fdf.h in Headers */,
				F62E0D7917C7C89000A445AE /* fdfFile.h in Headers */,
				F67FA0BF17CEA7CF00B4FA63 /* FID.h in Headers */,
				F67FA0C017CEA7D600B4FA63 /* FIDFile.h in Headers */,
				F67FA0C117CEA7D900B4FA63 /* procpar.h in Headers */,
				F67FA0C217CEA7E700B4FA63 /* util.h in Headers */,
			);
			runOnlyForDeploymentPostprocessing = 0;
		};
/* End PBXHeadersBuildPhase section */

/* Begin PBXNativeTarget section */
		F62275BA17E2208200523AC0 /* fdfhdr */ = {
			isa = PBXNativeTarget;
			buildConfigurationList = F62275C117E2208200523AC0 /* Build configuration list for PBXNativeTarget "fdfhdr" */;
			buildPhases = (
				F62275B717E2208200523AC0 /* Sources */,
				F62275B817E2208200523AC0 /* Frameworks */,
				F62275B917E2208200523AC0 /* CopyFiles */,
			);
			buildRules = (
			);
			dependencies = (
				F62275C517E220B200523AC0 /* PBXTargetDependency */,
			);
			name = fdfhdr;
			productName = fdfhdr;
			productReference = F62275BB17E2208200523AC0 /* fdfhdr */;
			productType = "com.apple.product-type.tool";
		};
		F6CF0AD617CFEFBC000B56BA /* fdf2nii */ = {
			isa = PBXNativeTarget;
			buildConfigurationList = F6CF0ADD17CFEFBC000B56BA /* Build configuration list for PBXNativeTarget "fdf2nii" */;
			buildPhases = (
				F6CF0AD317CFEFBC000B56BA /* Sources */,
				F6CF0AD417CFEFBC000B56BA /* Frameworks */,
				F6CF0AD517CFEFBC000B56BA /* CopyFiles */,
			);
			buildRules = (
			);
			dependencies = (
				F6CF0AE117CFEFC6000B56BA /* PBXTargetDependency */,
				F6CF0AE317CFEFC6000B56BA /* PBXTargetDependency */,
			);
			name = fdf2nii;
			productName = fdf2nii;
			productReference = F6CF0AD717CFEFBC000B56BA /* fdf2nii */;
			productType = "com.apple.product-type.tool";
		};
		F6E41D4C17C60B0D0043A338 /* Agilent */ = {
			isa = PBXNativeTarget;
			buildConfigurationList = F6E41D4F17C60B0D0043A338 /* Build configuration list for PBXNativeTarget "Agilent" */;
			buildPhases = (
				F6E41D4917C60B0D0043A338 /* Sources */,
				F6E41D4A17C60B0D0043A338 /* Frameworks */,
				F6E41D4B17C60B0D0043A338 /* Headers */,
			);
			buildRules = (
			);
			dependencies = (
			);
			name = Agilent;
			productName = Agilent;
			productReference = F6E41D4D17C60B0D0043A338 /* libAgilent.a */;
			productType = "com.apple.product-type.library.static";
		};
		F6E41D5917C60B490043A338 /* procparse */ = {
			isa = PBXNativeTarget;
			buildConfigurationList = F6E41D6017C60B490043A338 /* Build configuration list for PBXNativeTarget "procparse" */;
			buildPhases = (
				F6E41D5617C60B490043A338 /* Sources */,
				F6E41D5717C60B490043A338 /* Frameworks */,
				F6E41D5817C60B490043A338 /* CopyFiles */,
			);
			buildRules = (
			);
			dependencies = (
				F62B6E8817D8D5F6009C9C3D /* PBXTargetDependency */,
				F6E41D6417C60B5E0043A338 /* PBXTargetDependency */,
			);
			name = procparse;
			productName = procparse;
			productReference = F6E41D5A17C60B490043A338 /* procparse */;
			productType = "com.apple.product-type.tool";
		};
/* End PBXNativeTarget section */

/* Begin PBXProject section */
		F6E41D3817C60A8F0043A338 /* Project object */ = {
			isa = PBXProject;
			attributes = {
				LastUpgradeCheck = 0460;
			};
			buildConfigurationList = F6E41D3B17C60A8F0043A338 /* Build configuration list for PBXProject "Agilent" */;
			compatibilityVersion = "Xcode 3.2";
			developmentRegion = English;
			hasScannedForEncodings = 0;
			knownRegions = (
				en,
			);
			mainGroup = F6E41D3717C60A8F0043A338;
			productRefGroup = F6E41D4E17C60B0D0043A338 /* Products */;
			projectDirPath = "";
			projectReferences = (
				{
					ProductGroup = F6E41D7917C60CF30043A338 /* Products */;
					ProjectRef = F6E41D7817C60CF30043A338 /* NiftiImage.xcodeproj */;
				},
			);
			projectRoot = "";
			targets = (
				F6E41D4C17C60B0D0043A338 /* Agilent */,
				F6E41D5917C60B490043A338 /* procparse */,
				F6CF0AD617CFEFBC000B56BA /* fdf2nii */,
				F62275BA17E2208200523AC0 /* fdfhdr */,
			);
		};
/* End PBXProject section */

/* Begin PBXReferenceProxy section */
		F6E41D7E17C60CF30043A338 /* nifti_hdr */ = {
			isa = PBXReferenceProxy;
			fileType = "compiled.mach-o.executable";
			path = nifti_hdr;
			remoteRef = F6E41D7D17C60CF30043A338 /* PBXContainerItemProxy */;
			sourceTree = BUILT_PRODUCTS_DIR;
		};
		F6E41D8017C60CF30043A338 /* libNifti.a */ = {
			isa = PBXReferenceProxy;
			fileType = archive.ar;
			path = libNifti.a;
			remoteRef = F6E41D7F17C60CF30043A338 /* PBXContainerItemProxy */;
			sourceTree = BUILT_PRODUCTS_DIR;
		};
/* End PBXReferenceProxy section */

/* Begin PBXSourcesBuildPhase section */
		F62275B717E2208200523AC0 /* Sources */ = {
			isa = PBXSourcesBuildPhase;
			buildActionMask = 2147483647;
			files = (
				F62275C917E220BF00523AC0 /* fdfhdr_main.cpp in Sources */,
			);
			runOnlyForDeploymentPostprocessing = 0;
		};
		F6CF0AD317CFEFBC000B56BA /* Sources */ = {
			isa = PBXSourcesBuildPhase;
			buildActionMask = 2147483647;
			files = (
				F6CF0AE917CFF063000B56BA /* fdf2nii_main.cpp in Sources */,
			);
			runOnlyForDeploymentPostprocessing = 0;
		};
		F6E41D4917C60B0D0043A338 /* Sources */ = {
			isa = PBXSourcesBuildPhase;
			buildActionMask = 2147483647;
			files = (
				F6E41D5517C60B3B0043A338 /* util.cpp in Sources */,
				F6E41D5217C60B1E0043A338 /* FID.cpp in Sources */,
				F6E41D5317C60B1E0043A338 /* FIDFile.cpp in Sources */,
				F6E41D5417C60B1E0043A338 /* procpar.cpp in Sources */,
				F62E0D7217C7C85200A445AE /* fdf.cpp in Sources */,
				F62E0D7817C7C89000A445AE /* fdfFile.cpp in Sources */,
				F6980B4217E2200E00F7DBD3 /* fdfhdr_main.cpp in Sources */,
			);
			runOnlyForDeploymentPostprocessing = 0;
		};
		F6E41D5617C60B490043A338 /* Sources */ = {
			isa = PBXSourcesBuildPhase;
			buildActionMask = 2147483647;
			files = (
				F6E41D6517C60B650043A338 /* procparse_main.cpp in Sources */,
			);
			runOnlyForDeploymentPostprocessing = 0;
		};
/* End PBXSourcesBuildPhase section */

/* Begin PBXTargetDependency section */
		F62275C517E220B200523AC0 /* PBXTargetDependency */ = {
			isa = PBXTargetDependency;
			target = F6E41D4C17C60B0D0043A338 /* Agilent */;
			targetProxy = F62275C417E220B200523AC0 /* PBXContainerItemProxy */;
		};
		F62B6E8817D8D5F6009C9C3D /* PBXTargetDependency */ = {
			isa = PBXTargetDependency;
			name = Nifti;
			targetProxy = F62B6E8717D8D5F6009C9C3D /* PBXContainerItemProxy */;
		};
		F6CF0AE117CFEFC6000B56BA /* PBXTargetDependency */ = {
			isa = PBXTargetDependency;
			target = F6E41D4C17C60B0D0043A338 /* Agilent */;
			targetProxy = F6CF0AE017CFEFC6000B56BA /* PBXContainerItemProxy */;
		};
		F6CF0AE317CFEFC6000B56BA /* PBXTargetDependency */ = {
			isa = PBXTargetDependency;
			name = Nifti;
			targetProxy = F6CF0AE217CFEFC6000B56BA /* PBXContainerItemProxy */;
		};
		F6E41D6417C60B5E0043A338 /* PBXTargetDependency */ = {
			isa = PBXTargetDependency;
			target = F6E41D4C17C60B0D0043A338 /* Agilent */;
			targetProxy = F6E41D6317C60B5E0043A338 /* PBXContainerItemProxy */;
		};
/* End PBXTargetDependency section */

/* Begin XCBuildConfiguration section */
		F62275C217E2208200523AC0 /* Debug */ = {
			isa = XCBuildConfiguration;
			buildSettings = {
				ALWAYS_SEARCH_USER_PATHS = NO;
				ARCHS = "$(ARCHS_STANDARD_64_BIT)";
				CLANG_CXX_LANGUAGE_STANDARD = "gnu++0x";
				CLANG_CXX_LIBRARY = "libc++";
				CLANG_WARN_CONSTANT_CONVERSION = YES;
				CLANG_WARN_EMPTY_BODY = YES;
				CLANG_WARN_ENUM_CONVERSION = YES;
				CLANG_WARN_INT_CONVERSION = YES;
				CLANG_WARN__DUPLICATE_METHOD_MATCH = YES;
				COPY_PHASE_STRIP = NO;
				GCC_C_LANGUAGE_STANDARD = gnu99;
				GCC_DYNAMIC_NO_PIC = NO;
				GCC_ENABLE_OBJC_EXCEPTIONS = YES;
				GCC_OPTIMIZATION_LEVEL = 0;
				GCC_PREPROCESSOR_DEFINITIONS = (
					"DEBUG=1",
					"$(inherited)",
				);
				GCC_WARN_64_TO_32_BIT_CONVERSION = YES;
				GCC_WARN_ABOUT_RETURN_TYPE = YES;
				MACOSX_DEPLOYMENT_TARGET = 10.7;
				ONLY_ACTIVE_ARCH = YES;
				PRODUCT_NAME = "$(TARGET_NAME)";
				SDKROOT = macosx;
			};
			name = Debug;
		};
		F62275C317E2208200523AC0 /* Release */ = {
			isa = XCBuildConfiguration;
			buildSettings = {
				ALWAYS_SEARCH_USER_PATHS = NO;
				ARCHS = "$(ARCHS_STANDARD_64_BIT)";
				CLANG_CXX_LANGUAGE_STANDARD = "gnu++0x";
				CLANG_CXX_LIBRARY = "libc++";
				CLANG_WARN_CONSTANT_CONVERSION = YES;
				CLANG_WARN_EMPTY_BODY = YES;
				CLANG_WARN_ENUM_CONVERSION = YES;
				CLANG_WARN_INT_CONVERSION = YES;
				CLANG_WARN__DUPLICATE_METHOD_MATCH = YES;
				COPY_PHASE_STRIP = YES;
				DEBUG_INFORMATION_FORMAT = "dwarf-with-dsym";
				GCC_C_LANGUAGE_STANDARD = gnu99;
				GCC_ENABLE_OBJC_EXCEPTIONS = YES;
				GCC_WARN_64_TO_32_BIT_CONVERSION = YES;
				GCC_WARN_ABOUT_RETURN_TYPE = YES;
				MACOSX_DEPLOYMENT_TARGET = 10.7;
				PRODUCT_NAME = "$(TARGET_NAME)";
				SDKROOT = macosx;
			};
			name = Release;
		};
		F6CF0ADE17CFEFBC000B56BA /* Debug */ = {
			isa = XCBuildConfiguration;
			buildSettings = {
				ALWAYS_SEARCH_USER_PATHS = NO;
				ARCHS = "$(ARCHS_STANDARD_64_BIT)";
				CLANG_CXX_LIBRARY = "libc++";
				CLANG_WARN_CONSTANT_CONVERSION = YES;
				CLANG_WARN_EMPTY_BODY = YES;
				CLANG_WARN_ENUM_CONVERSION = YES;
				CLANG_WARN_INT_CONVERSION = YES;
				CLANG_WARN__DUPLICATE_METHOD_MATCH = YES;
				COPY_PHASE_STRIP = NO;
				GCC_DYNAMIC_NO_PIC = NO;
				GCC_ENABLE_OBJC_EXCEPTIONS = YES;
				GCC_OPTIMIZATION_LEVEL = 0;
				GCC_PREPROCESSOR_DEFINITIONS = (
					"DEBUG=1",
					"$(inherited)",
				);
				GCC_WARN_64_TO_32_BIT_CONVERSION = YES;
				GCC_WARN_ABOUT_RETURN_TYPE = YES;
				MACOSX_DEPLOYMENT_TARGET = 10.7;
				ONLY_ACTIVE_ARCH = YES;
				PRODUCT_NAME = "$(TARGET_NAME)";
				SDKROOT = macosx;
			};
			name = Debug;
		};
		F6CF0ADF17CFEFBC000B56BA /* Release */ = {
			isa = XCBuildConfiguration;
			buildSettings = {
				ALWAYS_SEARCH_USER_PATHS = NO;
				ARCHS = "$(ARCHS_STANDARD_64_BIT)";
				CLANG_CXX_LIBRARY = "libc++";
				CLANG_WARN_CONSTANT_CONVERSION = YES;
				CLANG_WARN_EMPTY_BODY = YES;
				CLANG_WARN_ENUM_CONVERSION = YES;
				CLANG_WARN_INT_CONVERSION = YES;
				CLANG_WARN__DUPLICATE_METHOD_MATCH = YES;
				COPY_PHASE_STRIP = YES;
				DEBUG_INFORMATION_FORMAT = "dwarf-with-dsym";
				GCC_ENABLE_OBJC_EXCEPTIONS = YES;
				GCC_WARN_64_TO_32_BIT_CONVERSION = YES;
				GCC_WARN_ABOUT_RETURN_TYPE = YES;
				MACOSX_DEPLOYMENT_TARGET = 10.7;
				PRODUCT_NAME = "$(TARGET_NAME)";
				SDKROOT = macosx;
			};
			name = Release;
		};
		F6E41D3C17C60A8F0043A338 /* Debug */ = {
			isa = XCBuildConfiguration;
			buildSettings = {
				CLANG_CXX_LANGUAGE_STANDARD = "c++0x";
				CLANG_WARN_SUSPICIOUS_IMPLICIT_CONVERSION = YES;
				GCC_C_LANGUAGE_STANDARD = c99;
				GCC_SYMBOLS_PRIVATE_EXTERN = NO;
				GCC_WARN_SIGN_COMPARE = YES;
				GCC_WARN_UNINITIALIZED_AUTOS = YES;
				GCC_WARN_UNUSED_FUNCTION = YES;
				GCC_WARN_UNUSED_LABEL = YES;
				GCC_WARN_UNUSED_PARAMETER = YES;
				GCC_WARN_UNUSED_VARIABLE = YES;
				HEADER_SEARCH_PATHS = "~/Code/eigen";
				USER_HEADER_SEARCH_PATHS = "~/Code/MR/Nifti/src";
			};
			name = Debug;
		};
		F6E41D3D17C60A8F0043A338 /* Release */ = {
			isa = XCBuildConfiguration;
			buildSettings = {
				CLANG_CXX_LANGUAGE_STANDARD = "c++0x";
				CLANG_WARN_SUSPICIOUS_IMPLICIT_CONVERSION = YES;
				GCC_C_LANGUAGE_STANDARD = c99;
				GCC_SYMBOLS_PRIVATE_EXTERN = NO;
				GCC_WARN_SIGN_COMPARE = YES;
				GCC_WARN_UNINITIALIZED_AUTOS = YES;
				GCC_WARN_UNUSED_FUNCTION = YES;
				GCC_WARN_UNUSED_LABEL = YES;
				GCC_WARN_UNUSED_PARAMETER = YES;
				GCC_WARN_UNUSED_VARIABLE = YES;
				HEADER_SEARCH_PATHS = "~/Code/eigen";
				USER_HEADER_SEARCH_PATHS = "~/Code/MR/Nifti/src";
			};
			name = Release;
		};
		F6E41D5017C60B0D0043A338 /* Debug */ = {
			isa = XCBuildConfiguration;
			buildSettings = {
				ALWAYS_SEARCH_USER_PATHS = NO;
				ARCHS = "$(ARCHS_STANDARD_64_BIT)";
				CLANG_CXX_LANGUAGE_STANDARD = "gnu++0x";
				CLANG_CXX_LIBRARY = "libc++";
				CLANG_WARN_CONSTANT_CONVERSION = YES;
				CLANG_WARN_EMPTY_BODY = YES;
				CLANG_WARN_ENUM_CONVERSION = YES;
				CLANG_WARN_INT_CONVERSION = YES;
				CLANG_WARN__DUPLICATE_METHOD_MATCH = YES;
				COPY_PHASE_STRIP = NO;
				EXECUTABLE_PREFIX = lib;
				GCC_C_LANGUAGE_STANDARD = gnu99;
				GCC_DYNAMIC_NO_PIC = NO;
				GCC_ENABLE_OBJC_EXCEPTIONS = YES;
				GCC_OPTIMIZATION_LEVEL = 0;
				GCC_PREPROCESSOR_DEFINITIONS = (
					"DEBUG=1",
					"$(inherited)",
				);
				GCC_WARN_64_TO_32_BIT_CONVERSION = YES;
				GCC_WARN_ABOUT_RETURN_TYPE = YES;
				GCC_WARN_UNINITIALIZED_AUTOS = YES;
				GCC_WARN_UNUSED_VARIABLE = YES;
				MACOSX_DEPLOYMENT_TARGET = 10.7;
				ONLY_ACTIVE_ARCH = YES;
				PRODUCT_NAME = "$(TARGET_NAME)";
				SDKROOT = macosx;
				SKIP_INSTALL = YES;
			};
			name = Debug;
		};
		F6E41D5117C60B0D0043A338 /* Release */ = {
			isa = XCBuildConfiguration;
			buildSettings = {
				ALWAYS_SEARCH_USER_PATHS = NO;
				ARCHS = "$(ARCHS_STANDARD_64_BIT)";
				CLANG_CXX_LANGUAGE_STANDARD = "gnu++0x";
				CLANG_CXX_LIBRARY = "libc++";
				CLANG_WARN_CONSTANT_CONVERSION = YES;
				CLANG_WARN_EMPTY_BODY = YES;
				CLANG_WARN_ENUM_CONVERSION = YES;
				CLANG_WARN_INT_CONVERSION = YES;
				CLANG_WARN__DUPLICATE_METHOD_MATCH = YES;
				COPY_PHASE_STRIP = YES;
				DEBUG_INFORMATION_FORMAT = "dwarf-with-dsym";
				EXECUTABLE_PREFIX = lib;
				GCC_C_LANGUAGE_STANDARD = gnu99;
				GCC_ENABLE_OBJC_EXCEPTIONS = YES;
				GCC_WARN_64_TO_32_BIT_CONVERSION = YES;
				GCC_WARN_ABOUT_RETURN_TYPE = YES;
				GCC_WARN_UNINITIALIZED_AUTOS = YES;
				GCC_WARN_UNUSED_VARIABLE = YES;
				MACOSX_DEPLOYMENT_TARGET = 10.7;
				PRODUCT_NAME = "$(TARGET_NAME)";
				SDKROOT = macosx;
				SKIP_INSTALL = YES;
			};
			name = Release;
		};
		F6E41D6117C60B490043A338 /* Debug */ = {
			isa = XCBuildConfiguration;
			buildSettings = {
				ALWAYS_SEARCH_USER_PATHS = NO;
				ARCHS = "$(ARCHS_STANDARD_64_BIT)";
				CLANG_CXX_LANGUAGE_STANDARD = "gnu++0x";
				CLANG_CXX_LIBRARY = "libc++";
				CLANG_WARN_CONSTANT_CONVERSION = YES;
				CLANG_WARN_EMPTY_BODY = YES;
				CLANG_WARN_ENUM_CONVERSION = YES;
				CLANG_WARN_INT_CONVERSION = YES;
				CLANG_WARN__DUPLICATE_METHOD_MATCH = YES;
				COPY_PHASE_STRIP = NO;
				GCC_C_LANGUAGE_STANDARD = gnu99;
				GCC_DYNAMIC_NO_PIC = NO;
				GCC_ENABLE_OBJC_EXCEPTIONS = YES;
				GCC_OPTIMIZATION_LEVEL = 0;
				GCC_PREPROCESSOR_DEFINITIONS = (
					"DEBUG=1",
					"$(inherited)",
				);
				GCC_WARN_64_TO_32_BIT_CONVERSION = YES;
				GCC_WARN_ABOUT_RETURN_TYPE = YES;
				GCC_WARN_UNINITIALIZED_AUTOS = YES;
				GCC_WARN_UNUSED_VARIABLE = YES;
				MACOSX_DEPLOYMENT_TARGET = 10.7;
				ONLY_ACTIVE_ARCH = YES;
				PRODUCT_NAME = "$(TARGET_NAME)";
				SDKROOT = macosx;
			};
			name = Debug;
		};
		F6E41D6217C60B490043A338 /* Release */ = {
			isa = XCBuildConfiguration;
			buildSettings = {
				ALWAYS_SEARCH_USER_PATHS = NO;
				ARCHS = "$(ARCHS_STANDARD_64_BIT)";
				CLANG_CXX_LANGUAGE_STANDARD = "gnu++0x";
				CLANG_CXX_LIBRARY = "libc++";
				CLANG_WARN_CONSTANT_CONVERSION = YES;
				CLANG_WARN_EMPTY_BODY = YES;
				CLANG_WARN_ENUM_CONVERSION = YES;
				CLANG_WARN_INT_CONVERSION = YES;
				CLANG_WARN__DUPLICATE_METHOD_MATCH = YES;
				COPY_PHASE_STRIP = YES;
				DEBUG_INFORMATION_FORMAT = "dwarf-with-dsym";
				GCC_C_LANGUAGE_STANDARD = gnu99;
				GCC_ENABLE_OBJC_EXCEPTIONS = YES;
				GCC_WARN_64_TO_32_BIT_CONVERSION = YES;
				GCC_WARN_ABOUT_RETURN_TYPE = YES;
				GCC_WARN_UNINITIALIZED_AUTOS = YES;
				GCC_WARN_UNUSED_VARIABLE = YES;
				MACOSX_DEPLOYMENT_TARGET = 10.7;
				PRODUCT_NAME = "$(TARGET_NAME)";
				SDKROOT = macosx;
			};
			name = Release;
		};
/* End XCBuildConfiguration section */

/* Begin XCConfigurationList section */
		F62275C117E2208200523AC0 /* Build configuration list for PBXNativeTarget "fdfhdr" */ = {
			isa = XCConfigurationList;
			buildConfigurations = (
				F62275C217E2208200523AC0 /* Debug */,
				F62275C317E2208200523AC0 /* Release */,
			);
			defaultConfigurationIsVisible = 0;
			defaultConfigurationName = Release;
		};
		F6CF0ADD17CFEFBC000B56BA /* Build configuration list for PBXNativeTarget "fdf2nii" */ = {
			isa = XCConfigurationList;
			buildConfigurations = (
				F6CF0ADE17CFEFBC000B56BA /* Debug */,
				F6CF0ADF17CFEFBC000B56BA /* Release */,
			);
			defaultConfigurationIsVisible = 0;
			defaultConfigurationName = Release;
		};
		F6E41D3B17C60A8F0043A338 /* Build configuration list for PBXProject "Agilent" */ = {
			isa = XCConfigurationList;
			buildConfigurations = (
				F6E41D3C17C60A8F0043A338 /* Debug */,
				F6E41D3D17C60A8F0043A338 /* Release */,
			);
			defaultConfigurationIsVisible = 0;
			defaultConfigurationName = Release;
		};
		F6E41D4F17C60B0D0043A338 /* Build configuration list for PBXNativeTarget "Agilent" */ = {
			isa = XCConfigurationList;
			buildConfigurations = (
				F6E41D5017C60B0D0043A338 /* Debug */,
				F6E41D5117C60B0D0043A338 /* Release */,
			);
			defaultConfigurationIsVisible = 0;
			defaultConfigurationName = Release;
		};
		F6E41D6017C60B490043A338 /* Build configuration list for PBXNativeTarget "procparse" */ = {
			isa = XCConfigurationList;
			buildConfigurations = (
				F6E41D6117C60B490043A338 /* Debug */,
				F6E41D6217C60B490043A338 /* Release */,
			);
			defaultConfigurationIsVisible = 0;
			defaultConfigurationName = Release;
		};
/* End XCConfigurationList section */
	};
	rootObject = F6E41D3817C60A8F0043A338 /* Project object */;
}
