// !$*UTF8*$!
{
	archiveVersion = 1;
	classes = {
	};
	objectVersion = 46;
	objects = {

/* Begin PBXBuildFile section */
		F61F3C6518303B9B00B1DE5D /* libz.dylib in Frameworks */ = {isa = PBXBuildFile; fileRef = F6980B2A17E1D1D000F7DBD3 /* libz.dylib */; };
		F663C9B21832675F001B86BB /* libz.dylib in Frameworks */ = {isa = PBXBuildFile; fileRef = F6980B2A17E1D1D000F7DBD3 /* libz.dylib */; };
		F6980B2C17E1D1DB00F7DBD3 /* libz.dylib in Frameworks */ = {isa = PBXBuildFile; fileRef = F6980B2A17E1D1D000F7DBD3 /* libz.dylib */; };
		F6980B2D17E1D1E200F7DBD3 /* libz.dylib in Frameworks */ = {isa = PBXBuildFile; fileRef = F6980B2A17E1D1D000F7DBD3 /* libz.dylib */; };
		F6980B2E17E1D1EB00F7DBD3 /* libz.dylib in Frameworks */ = {isa = PBXBuildFile; fileRef = F6980B2A17E1D1D000F7DBD3 /* libz.dylib */; };
		F6980B2F17E1D1F400F7DBD3 /* libz.dylib in Frameworks */ = {isa = PBXBuildFile; fileRef = F6980B2A17E1D1D000F7DBD3 /* libz.dylib */; };
		F6980B3017E1D1FB00F7DBD3 /* libz.dylib in Frameworks */ = {isa = PBXBuildFile; fileRef = F6980B2A17E1D1D000F7DBD3 /* libz.dylib */; };
		F6980B3117E1D20600F7DBD3 /* libz.dylib in Frameworks */ = {isa = PBXBuildFile; fileRef = F6980B2A17E1D1D000F7DBD3 /* libz.dylib */; };
		F6980B3217E1D20D00F7DBD3 /* libz.dylib in Frameworks */ = {isa = PBXBuildFile; fileRef = F6980B2A17E1D1D000F7DBD3 /* libz.dylib */; };
		F6BCF25A18E1D3B0009257D9 /* libz.dylib in Frameworks */ = {isa = PBXBuildFile; fileRef = F6980B2A17E1D1D000F7DBD3 /* libz.dylib */; };
		F6CB35DB18EAC087008537F1 /* DESPOT_Functors.cpp in Sources */ = {isa = PBXBuildFile; fileRef = F6CB35C718EAC087008537F1 /* DESPOT_Functors.cpp */; };
		F6CB35DC18EAC087008537F1 /* DESPOT.cpp in Sources */ = {isa = PBXBuildFile; fileRef = F6CB35C918EAC087008537F1 /* DESPOT.cpp */; };
		F6CB35DD18EAC087008537F1 /* despot1.cpp in Sources */ = {isa = PBXBuildFile; fileRef = F6CB35CB18EAC087008537F1 /* despot1.cpp */; };
		F6CB35E418EAC087008537F1 /* Model.cpp in Sources */ = {isa = PBXBuildFile; fileRef = F6CB35D218EAC087008537F1 /* Model.cpp */; };
		F6CB35E818EAC087008537F1 /* ThreadPool.cpp in Sources */ = {isa = PBXBuildFile; fileRef = F6CB35D818EAC087008537F1 /* ThreadPool.cpp */; };
		F6CB35E918EAC098008537F1 /* libAgilent.a in Frameworks */ = {isa = PBXBuildFile; fileRef = F6CB359C18EAAF60008537F1 /* libAgilent.a */; };
		F6CB35EA18EAC098008537F1 /* libNifti.a in Frameworks */ = {isa = PBXBuildFile; fileRef = F6BA457018EAABA700E69FDD /* libNifti.a */; };
		F6CB35EF18EAC0A8008537F1 /* libAgilent.a in Frameworks */ = {isa = PBXBuildFile; fileRef = F6CB359C18EAAF60008537F1 /* libAgilent.a */; };
		F6CB35F018EAC0A8008537F1 /* libNifti.a in Frameworks */ = {isa = PBXBuildFile; fileRef = F6BA457018EAABA700E69FDD /* libNifti.a */; };
		F6CB35F118EAC0AC008537F1 /* libAgilent.a in Frameworks */ = {isa = PBXBuildFile; fileRef = F6CB359C18EAAF60008537F1 /* libAgilent.a */; };
		F6CB35F218EAC0AC008537F1 /* libNifti.a in Frameworks */ = {isa = PBXBuildFile; fileRef = F6BA457018EAABA700E69FDD /* libNifti.a */; };
		F6CB35FB18EAC0B9008537F1 /* libAgilent.a in Frameworks */ = {isa = PBXBuildFile; fileRef = F6CB359C18EAAF60008537F1 /* libAgilent.a */; };
		F6CB35FC18EAC0B9008537F1 /* libNifti.a in Frameworks */ = {isa = PBXBuildFile; fileRef = F6BA457018EAABA700E69FDD /* libNifti.a */; };
		F6CB360118EAC0C0008537F1 /* libAgilent.a in Frameworks */ = {isa = PBXBuildFile; fileRef = F6CB359C18EAAF60008537F1 /* libAgilent.a */; };
		F6CB360218EAC0C0008537F1 /* libNifti.a in Frameworks */ = {isa = PBXBuildFile; fileRef = F6BA457018EAABA700E69FDD /* libNifti.a */; };
		F6CB360718EAC0C8008537F1 /* libAgilent.a in Frameworks */ = {isa = PBXBuildFile; fileRef = F6CB359C18EAAF60008537F1 /* libAgilent.a */; };
		F6CB360818EAC0C8008537F1 /* libNifti.a in Frameworks */ = {isa = PBXBuildFile; fileRef = F6BA457018EAABA700E69FDD /* libNifti.a */; };
		F6CB360D18EAC0D0008537F1 /* libAgilent.a in Frameworks */ = {isa = PBXBuildFile; fileRef = F6CB359C18EAAF60008537F1 /* libAgilent.a */; };
		F6CB360E18EAC0D0008537F1 /* libNifti.a in Frameworks */ = {isa = PBXBuildFile; fileRef = F6BA457018EAABA700E69FDD /* libNifti.a */; };
		F6CB361318EAC0D7008537F1 /* libAgilent.a in Frameworks */ = {isa = PBXBuildFile; fileRef = F6CB359C18EAAF60008537F1 /* libAgilent.a */; };
		F6CB361418EAC0D7008537F1 /* libNifti.a in Frameworks */ = {isa = PBXBuildFile; fileRef = F6BA457018EAABA700E69FDD /* libNifti.a */; };
		F6CB361518EAC0DA008537F1 /* libAgilent.a in Frameworks */ = {isa = PBXBuildFile; fileRef = F6CB359C18EAAF60008537F1 /* libAgilent.a */; };
		F6CB361618EAC0DA008537F1 /* libNifti.a in Frameworks */ = {isa = PBXBuildFile; fileRef = F6BA457018EAABA700E69FDD /* libNifti.a */; };
		F6CB361F18EAC0E6008537F1 /* libAgilent.a in Frameworks */ = {isa = PBXBuildFile; fileRef = F6CB359C18EAAF60008537F1 /* libAgilent.a */; };
		F6CB362018EAC0E6008537F1 /* libNifti.a in Frameworks */ = {isa = PBXBuildFile; fileRef = F6BA457018EAABA700E69FDD /* libNifti.a */; };
		F6CB362118EAC0E9008537F1 /* libAgilent.a in Frameworks */ = {isa = PBXBuildFile; fileRef = F6CB359C18EAAF60008537F1 /* libAgilent.a */; };
		F6CB362218EAC0E9008537F1 /* libNifti.a in Frameworks */ = {isa = PBXBuildFile; fileRef = F6BA457018EAABA700E69FDD /* libNifti.a */; };
		F6CB362718EAC0FD008537F1 /* DESPOT.cpp in Sources */ = {isa = PBXBuildFile; fileRef = F6CB35C918EAC087008537F1 /* DESPOT.cpp */; };
		F6CB362818EAC0FD008537F1 /* despot2.cpp in Sources */ = {isa = PBXBuildFile; fileRef = F6CB35CD18EAC087008537F1 /* despot2.cpp */; };
		F6CB362918EAC0FD008537F1 /* ThreadPool.cpp in Sources */ = {isa = PBXBuildFile; fileRef = F6CB35D818EAC087008537F1 /* ThreadPool.cpp */; };
		F6CB362A18EAC107008537F1 /* DESPOT.cpp in Sources */ = {isa = PBXBuildFile; fileRef = F6CB35C918EAC087008537F1 /* DESPOT.cpp */; };
		F6CB362B18EAC107008537F1 /* mcdespot.cpp in Sources */ = {isa = PBXBuildFile; fileRef = F6CB35D018EAC087008537F1 /* mcdespot.cpp */; };
		F6CB362C18EAC107008537F1 /* Model.cpp in Sources */ = {isa = PBXBuildFile; fileRef = F6CB35D218EAC087008537F1 /* Model.cpp */; };
		F6CB362D18EAC107008537F1 /* ThreadPool.cpp in Sources */ = {isa = PBXBuildFile; fileRef = F6CB35D818EAC087008537F1 /* ThreadPool.cpp */; };
		F6CB362E18EAC10D008537F1 /* DESPOT_Functors.cpp in Sources */ = {isa = PBXBuildFile; fileRef = F6CB35C718EAC087008537F1 /* DESPOT_Functors.cpp */; };
		F6CB362F18EAC124008537F1 /* DESPOT.cpp in Sources */ = {isa = PBXBuildFile; fileRef = F6CB35C918EAC087008537F1 /* DESPOT.cpp */; };
		F6CB363018EAC124008537F1 /* mcsignal.cpp in Sources */ = {isa = PBXBuildFile; fileRef = F6CB35D118EAC087008537F1 /* mcsignal.cpp */; };
		F6CB363118EAC124008537F1 /* Model.cpp in Sources */ = {isa = PBXBuildFile; fileRef = F6CB35D218EAC087008537F1 /* Model.cpp */; };
		F6CB363218EAC124008537F1 /* ThreadPool.cpp in Sources */ = {isa = PBXBuildFile; fileRef = F6CB35D818EAC087008537F1 /* ThreadPool.cpp */; };
		F6CB363318EAC131008537F1 /* phasemap.cpp in Sources */ = {isa = PBXBuildFile; fileRef = F6CB35D418EAC087008537F1 /* phasemap.cpp */; };
		F6CB363418EAC131008537F1 /* ThreadPool.cpp in Sources */ = {isa = PBXBuildFile; fileRef = F6CB35D818EAC087008537F1 /* ThreadPool.cpp */; };
		F6CB363518EAC135008537F1 /* afi.cpp in Sources */ = {isa = PBXBuildFile; fileRef = F6CB35C618EAC087008537F1 /* afi.cpp */; };
		F6CB363618EAC135008537F1 /* ThreadPool.cpp in Sources */ = {isa = PBXBuildFile; fileRef = F6CB35D818EAC087008537F1 /* ThreadPool.cpp */; };
		F6CB363718EAC13D008537F1 /* test_despot.cpp in Sources */ = {isa = PBXBuildFile; fileRef = F6CB35D718EAC087008537F1 /* test_despot.cpp */; };
		F6CB363818EAC13D008537F1 /* ThreadPool.cpp in Sources */ = {isa = PBXBuildFile; fileRef = F6CB35D818EAC087008537F1 /* ThreadPool.cpp */; };
		F6CB363918EAC146008537F1 /* DESPOT.cpp in Sources */ = {isa = PBXBuildFile; fileRef = F6CB35C918EAC087008537F1 /* DESPOT.cpp */; };
		F6CB363A18EAC146008537F1 /* despot1hifi.cpp in Sources */ = {isa = PBXBuildFile; fileRef = F6CB35CC18EAC087008537F1 /* despot1hifi.cpp */; };
		F6CB363B18EAC146008537F1 /* ThreadPool.cpp in Sources */ = {isa = PBXBuildFile; fileRef = F6CB35D818EAC087008537F1 /* ThreadPool.cpp */; };
		F6CB363C18EAC150008537F1 /* DESPOT_Functors.cpp in Sources */ = {isa = PBXBuildFile; fileRef = F6CB35C718EAC087008537F1 /* DESPOT_Functors.cpp */; };
		F6CB363D18EAC150008537F1 /* DESPOT.cpp in Sources */ = {isa = PBXBuildFile; fileRef = F6CB35C918EAC087008537F1 /* DESPOT.cpp */; };
		F6CB363E18EAC150008537F1 /* despot2fm.cpp in Sources */ = {isa = PBXBuildFile; fileRef = F6CB35CE18EAC087008537F1 /* despot2fm.cpp */; };
		F6CB363F18EAC150008537F1 /* Model.cpp in Sources */ = {isa = PBXBuildFile; fileRef = F6CB35D218EAC087008537F1 /* Model.cpp */; };
		F6CB364018EAC150008537F1 /* ThreadPool.cpp in Sources */ = {isa = PBXBuildFile; fileRef = F6CB35D818EAC087008537F1 /* ThreadPool.cpp */; };
		F6CB364118EAC15B008537F1 /* ssfpbands.cpp in Sources */ = {isa = PBXBuildFile; fileRef = F6CB35D618EAC087008537F1 /* ssfpbands.cpp */; };
		F6CB364218EAC15B008537F1 /* ThreadPool.cpp in Sources */ = {isa = PBXBuildFile; fileRef = F6CB35D818EAC087008537F1 /* ThreadPool.cpp */; };
		F6CB364318EAC161008537F1 /* dixon.cpp in Sources */ = {isa = PBXBuildFile; fileRef = F6CB35CF18EAC087008537F1 /* dixon.cpp */; };
		F6CB364418EAC161008537F1 /* ThreadPool.cpp in Sources */ = {isa = PBXBuildFile; fileRef = F6CB35D818EAC087008537F1 /* ThreadPool.cpp */; };
		F6CB364518EAC24E008537F1 /* DESPOT.cpp in Sources */ = {isa = PBXBuildFile; fileRef = F6CB35C918EAC087008537F1 /* DESPOT.cpp */; };
		F6CB364618EAC2ED008537F1 /* DESPOT.cpp in Sources */ = {isa = PBXBuildFile; fileRef = F6CB35C918EAC087008537F1 /* DESPOT.cpp */; };
		F6E69DC718D3A126008382E2 /* libz.dylib in Frameworks */ = {isa = PBXBuildFile; fileRef = F6980B2A17E1D1D000F7DBD3 /* libz.dylib */; };
/* End PBXBuildFile section */

/* Begin PBXContainerItemProxy section */
		F6BA456F18EAABA700E69FDD /* PBXContainerItemProxy */ = {
			isa = PBXContainerItemProxy;
			containerPortal = F6B19DFC160B683B009F84C5 /* Nifti.xcodeproj */;
			proxyType = 2;
			remoteGlobalIDString = F6F2E6EF1792164800A4AC8F;
			remoteInfo = Nifti;
		};
		F6CB359B18EAAF60008537F1 /* PBXContainerItemProxy */ = {
			isa = PBXContainerItemProxy;
			containerPortal = F6E41D8D17C64F1A0043A338 /* Agilent.xcodeproj */;
			proxyType = 2;
			remoteGlobalIDString = F6E41D4D17C60B0D0043A338;
			remoteInfo = Agilent;
		};
		F6CB35C218EAC063008537F1 /* PBXContainerItemProxy */ = {
			isa = PBXContainerItemProxy;
			containerPortal = F6E41D8D17C64F1A0043A338 /* Agilent.xcodeproj */;
			proxyType = 1;
			remoteGlobalIDString = F6E41D4C17C60B0D0043A338;
			remoteInfo = Agilent;
		};
		F6CB35C418EAC063008537F1 /* PBXContainerItemProxy */ = {
			isa = PBXContainerItemProxy;
			containerPortal = F6B19DFC160B683B009F84C5 /* Nifti.xcodeproj */;
			proxyType = 1;
			remoteGlobalIDString = F6F2E6EE1792164800A4AC8F;
			remoteInfo = Nifti;
		};
		F6CB35EB18EAC0A5008537F1 /* PBXContainerItemProxy */ = {
			isa = PBXContainerItemProxy;
			containerPortal = F6E41D8D17C64F1A0043A338 /* Agilent.xcodeproj */;
			proxyType = 1;
			remoteGlobalIDString = F6E41D4C17C60B0D0043A338;
			remoteInfo = Agilent;
		};
		F6CB35ED18EAC0A5008537F1 /* PBXContainerItemProxy */ = {
			isa = PBXContainerItemProxy;
			containerPortal = F6B19DFC160B683B009F84C5 /* Nifti.xcodeproj */;
			proxyType = 1;
			remoteGlobalIDString = F6F2E6EE1792164800A4AC8F;
			remoteInfo = Nifti;
		};
		F6CB35F318EAC0AF008537F1 /* PBXContainerItemProxy */ = {
			isa = PBXContainerItemProxy;
			containerPortal = F6E41D8D17C64F1A0043A338 /* Agilent.xcodeproj */;
			proxyType = 1;
			remoteGlobalIDString = F6E41D4C17C60B0D0043A338;
			remoteInfo = Agilent;
		};
		F6CB35F518EAC0AF008537F1 /* PBXContainerItemProxy */ = {
			isa = PBXContainerItemProxy;
			containerPortal = F6B19DFC160B683B009F84C5 /* Nifti.xcodeproj */;
			proxyType = 1;
			remoteGlobalIDString = F6F2E6EE1792164800A4AC8F;
			remoteInfo = Nifti;
		};
		F6CB35F718EAC0B6008537F1 /* PBXContainerItemProxy */ = {
			isa = PBXContainerItemProxy;
			containerPortal = F6E41D8D17C64F1A0043A338 /* Agilent.xcodeproj */;
			proxyType = 1;
			remoteGlobalIDString = F6E41D4C17C60B0D0043A338;
			remoteInfo = Agilent;
		};
		F6CB35F918EAC0B6008537F1 /* PBXContainerItemProxy */ = {
			isa = PBXContainerItemProxy;
			containerPortal = F6B19DFC160B683B009F84C5 /* Nifti.xcodeproj */;
			proxyType = 1;
			remoteGlobalIDString = F6F2E6EE1792164800A4AC8F;
			remoteInfo = Nifti;
		};
		F6CB35FD18EAC0BD008537F1 /* PBXContainerItemProxy */ = {
			isa = PBXContainerItemProxy;
			containerPortal = F6E41D8D17C64F1A0043A338 /* Agilent.xcodeproj */;
			proxyType = 1;
			remoteGlobalIDString = F6E41D4C17C60B0D0043A338;
			remoteInfo = Agilent;
		};
		F6CB35FF18EAC0BD008537F1 /* PBXContainerItemProxy */ = {
			isa = PBXContainerItemProxy;
			containerPortal = F6B19DFC160B683B009F84C5 /* Nifti.xcodeproj */;
			proxyType = 1;
			remoteGlobalIDString = F6F2E6EE1792164800A4AC8F;
			remoteInfo = Nifti;
		};
		F6CB360318EAC0C4008537F1 /* PBXContainerItemProxy */ = {
			isa = PBXContainerItemProxy;
			containerPortal = F6E41D8D17C64F1A0043A338 /* Agilent.xcodeproj */;
			proxyType = 1;
			remoteGlobalIDString = F6E41D4C17C60B0D0043A338;
			remoteInfo = Agilent;
		};
		F6CB360518EAC0C4008537F1 /* PBXContainerItemProxy */ = {
			isa = PBXContainerItemProxy;
			containerPortal = F6B19DFC160B683B009F84C5 /* Nifti.xcodeproj */;
			proxyType = 1;
			remoteGlobalIDString = F6F2E6EE1792164800A4AC8F;
			remoteInfo = Nifti;
		};
		F6CB360918EAC0CD008537F1 /* PBXContainerItemProxy */ = {
			isa = PBXContainerItemProxy;
			containerPortal = F6E41D8D17C64F1A0043A338 /* Agilent.xcodeproj */;
			proxyType = 1;
			remoteGlobalIDString = F6E41D4C17C60B0D0043A338;
			remoteInfo = Agilent;
		};
		F6CB360B18EAC0CD008537F1 /* PBXContainerItemProxy */ = {
			isa = PBXContainerItemProxy;
			containerPortal = F6B19DFC160B683B009F84C5 /* Nifti.xcodeproj */;
			proxyType = 1;
			remoteGlobalIDString = F6F2E6EE1792164800A4AC8F;
			remoteInfo = Nifti;
		};
		F6CB360F18EAC0D4008537F1 /* PBXContainerItemProxy */ = {
			isa = PBXContainerItemProxy;
			containerPortal = F6E41D8D17C64F1A0043A338 /* Agilent.xcodeproj */;
			proxyType = 1;
			remoteGlobalIDString = F6E41D4C17C60B0D0043A338;
			remoteInfo = Agilent;
		};
		F6CB361118EAC0D4008537F1 /* PBXContainerItemProxy */ = {
			isa = PBXContainerItemProxy;
			containerPortal = F6B19DFC160B683B009F84C5 /* Nifti.xcodeproj */;
			proxyType = 1;
			remoteGlobalIDString = F6F2E6EE1792164800A4AC8F;
			remoteInfo = Nifti;
		};
		F6CB361718EAC0DE008537F1 /* PBXContainerItemProxy */ = {
			isa = PBXContainerItemProxy;
			containerPortal = F6E41D8D17C64F1A0043A338 /* Agilent.xcodeproj */;
			proxyType = 1;
			remoteGlobalIDString = F6E41D4C17C60B0D0043A338;
			remoteInfo = Agilent;
		};
		F6CB361918EAC0DE008537F1 /* PBXContainerItemProxy */ = {
			isa = PBXContainerItemProxy;
			containerPortal = F6B19DFC160B683B009F84C5 /* Nifti.xcodeproj */;
			proxyType = 1;
			remoteGlobalIDString = F6F2E6EE1792164800A4AC8F;
			remoteInfo = Nifti;
		};
		F6CB361B18EAC0E2008537F1 /* PBXContainerItemProxy */ = {
			isa = PBXContainerItemProxy;
			containerPortal = F6E41D8D17C64F1A0043A338 /* Agilent.xcodeproj */;
			proxyType = 1;
			remoteGlobalIDString = F6E41D4C17C60B0D0043A338;
			remoteInfo = Agilent;
		};
		F6CB361D18EAC0E2008537F1 /* PBXContainerItemProxy */ = {
			isa = PBXContainerItemProxy;
			containerPortal = F6B19DFC160B683B009F84C5 /* Nifti.xcodeproj */;
			proxyType = 1;
			remoteGlobalIDString = F6F2E6EE1792164800A4AC8F;
			remoteInfo = Nifti;
		};
		F6CB362318EAC0ED008537F1 /* PBXContainerItemProxy */ = {
			isa = PBXContainerItemProxy;
			containerPortal = F6E41D8D17C64F1A0043A338 /* Agilent.xcodeproj */;
			proxyType = 1;
			remoteGlobalIDString = F6E41D4C17C60B0D0043A338;
			remoteInfo = Agilent;
		};
		F6CB362518EAC0ED008537F1 /* PBXContainerItemProxy */ = {
			isa = PBXContainerItemProxy;
			containerPortal = F6B19DFC160B683B009F84C5 /* Nifti.xcodeproj */;
			proxyType = 1;
			remoteGlobalIDString = F6F2E6EE1792164800A4AC8F;
			remoteInfo = Nifti;
		};
/* End PBXContainerItemProxy section */

/* Begin PBXCopyFilesBuildPhase section */
		F660A65817BD1299008682C3 /* CopyFiles */ = {
			isa = PBXCopyFilesBuildPhase;
			buildActionMask = 2147483647;
			dstPath = /usr/share/man/man1/;
			dstSubfolderSpec = 0;
			files = (
			);
			runOnlyForDeploymentPostprocessing = 1;
		};
		F660A66517BD12AC008682C3 /* CopyFiles */ = {
			isa = PBXCopyFilesBuildPhase;
			buildActionMask = 2147483647;
			dstPath = /usr/share/man/man1/;
			dstSubfolderSpec = 0;
			files = (
			);
			runOnlyForDeploymentPostprocessing = 1;
		};
		F663C99B18324E5E001B86BB /* CopyFiles */ = {
			isa = PBXCopyFilesBuildPhase;
			buildActionMask = 2147483647;
			dstPath = /usr/share/man/man1/;
			dstSubfolderSpec = 0;
			files = (
			);
			runOnlyForDeploymentPostprocessing = 1;
		};
		F675C8C915CC11E000BA95FC /* CopyFiles */ = {
			isa = PBXCopyFilesBuildPhase;
			buildActionMask = 2147483647;
			dstPath = /usr/share/man/man1/;
			dstSubfolderSpec = 0;
			files = (
			);
			runOnlyForDeploymentPostprocessing = 1;
		};
		F6BCF24518E1CE54009257D9 /* CopyFiles */ = {
			isa = PBXCopyFilesBuildPhase;
			buildActionMask = 2147483647;
			dstPath = /usr/share/man/man1/;
			dstSubfolderSpec = 0;
			files = (
			);
			runOnlyForDeploymentPostprocessing = 1;
		};
		F6E1F9081591FFD200DA918F /* CopyFiles */ = {
			isa = PBXCopyFilesBuildPhase;
			buildActionMask = 2147483647;
			dstPath = /usr/share/man/man1/;
			dstSubfolderSpec = 0;
			files = (
			);
			runOnlyForDeploymentPostprocessing = 1;
		};
		F6E4A2591590DA9100DA4001 /* CopyFiles */ = {
			isa = PBXCopyFilesBuildPhase;
			buildActionMask = 2147483647;
			dstPath = /usr/share/man/man1/;
			dstSubfolderSpec = 0;
			files = (
			);
			runOnlyForDeploymentPostprocessing = 1;
		};
		F6E4A2681590DAA400DA4001 /* CopyFiles */ = {
			isa = PBXCopyFilesBuildPhase;
			buildActionMask = 2147483647;
			dstPath = /usr/share/man/man1/;
			dstSubfolderSpec = 0;
			files = (
			);
			runOnlyForDeploymentPostprocessing = 1;
		};
		F6E4A2761590DAB500DA4001 /* CopyFiles */ = {
			isa = PBXCopyFilesBuildPhase;
			buildActionMask = 2147483647;
			dstPath = /usr/share/man/man1/;
			dstSubfolderSpec = 0;
			files = (
			);
			runOnlyForDeploymentPostprocessing = 1;
		};
		F6E69DB018D3433E008382E2 /* CopyFiles */ = {
			isa = PBXCopyFilesBuildPhase;
			buildActionMask = 2147483647;
			dstPath = /usr/share/man/man1/;
			dstSubfolderSpec = 0;
			files = (
			);
			runOnlyForDeploymentPostprocessing = 1;
		};
		F6EA0A7C15DE3C490059E436 /* CopyFiles */ = {
			isa = PBXCopyFilesBuildPhase;
			buildActionMask = 2147483647;
			dstPath = /usr/share/man/man1/;
			dstSubfolderSpec = 0;
			files = (
			);
			runOnlyForDeploymentPostprocessing = 1;
		};
/* End PBXCopyFilesBuildPhase section */

/* Begin PBXFileReference section */
		F660A65A17BD1299008682C3 /* despot1hifi */ = {isa = PBXFileReference; explicitFileType = "compiled.mach-o.executable"; includeInIndex = 0; path = despot1hifi; sourceTree = BUILT_PRODUCTS_DIR; };
		F660A66717BD12AC008682C3 /* despot2fm */ = {isa = PBXFileReference; explicitFileType = "compiled.mach-o.executable"; includeInIndex = 0; path = despot2fm; sourceTree = BUILT_PRODUCTS_DIR; };
		F663C99D18324E5E001B86BB /* mcsignal */ = {isa = PBXFileReference; explicitFileType = "compiled.mach-o.executable"; includeInIndex = 0; path = mcsignal; sourceTree = BUILT_PRODUCTS_DIR; };
		F675C8CB15CC11E000BA95FC /* afi */ = {isa = PBXFileReference; explicitFileType = "compiled.mach-o.executable"; includeInIndex = 0; path = afi; sourceTree = BUILT_PRODUCTS_DIR; };
		F6980B2A17E1D1D000F7DBD3 /* libz.dylib */ = {isa = PBXFileReference; lastKnownFileType = "compiled.mach-o.dylib"; name = libz.dylib; path = usr/lib/libz.dylib; sourceTree = SDKROOT; };
		F6B19DFC160B683B009F84C5 /* Nifti.xcodeproj */ = {isa = PBXFileReference; lastKnownFileType = "wrapper.pb-project"; path = Nifti.xcodeproj; sourceTree = "<group>"; };
		F6BCF24718E1CE54009257D9 /* dixon */ = {isa = PBXFileReference; explicitFileType = "compiled.mach-o.executable"; includeInIndex = 0; path = dixon; sourceTree = BUILT_PRODUCTS_DIR; };
		F6CB35C618EAC087008537F1 /* afi.cpp */ = {isa = PBXFileReference; fileEncoding = 4; lastKnownFileType = sourcecode.cpp.cpp; path = afi.cpp; sourceTree = "<group>"; };
		F6CB35C718EAC087008537F1 /* DESPOT_Functors.cpp */ = {isa = PBXFileReference; fileEncoding = 4; lastKnownFileType = sourcecode.cpp.cpp; path = DESPOT_Functors.cpp; sourceTree = "<group>"; };
		F6CB35C818EAC087008537F1 /* DESPOT_Functors.h */ = {isa = PBXFileReference; fileEncoding = 4; lastKnownFileType = sourcecode.c.h; path = DESPOT_Functors.h; sourceTree = "<group>"; };
		F6CB35C918EAC087008537F1 /* DESPOT.cpp */ = {isa = PBXFileReference; fileEncoding = 4; lastKnownFileType = sourcecode.cpp.cpp; path = DESPOT.cpp; sourceTree = "<group>"; };
		F6CB35CA18EAC087008537F1 /* DESPOT.h */ = {isa = PBXFileReference; fileEncoding = 4; lastKnownFileType = sourcecode.c.h; path = DESPOT.h; sourceTree = "<group>"; };
		F6CB35CB18EAC087008537F1 /* despot1.cpp */ = {isa = PBXFileReference; fileEncoding = 4; lastKnownFileType = sourcecode.cpp.cpp; path = despot1.cpp; sourceTree = "<group>"; };
		F6CB35CC18EAC087008537F1 /* despot1hifi.cpp */ = {isa = PBXFileReference; fileEncoding = 4; lastKnownFileType = sourcecode.cpp.cpp; path = despot1hifi.cpp; sourceTree = "<group>"; };
		F6CB35CD18EAC087008537F1 /* despot2.cpp */ = {isa = PBXFileReference; fileEncoding = 4; lastKnownFileType = sourcecode.cpp.cpp; path = despot2.cpp; sourceTree = "<group>"; };
		F6CB35CE18EAC087008537F1 /* despot2fm.cpp */ = {isa = PBXFileReference; fileEncoding = 4; lastKnownFileType = sourcecode.cpp.cpp; path = despot2fm.cpp; sourceTree = "<group>"; };
		F6CB35CF18EAC087008537F1 /* dixon.cpp */ = {isa = PBXFileReference; fileEncoding = 4; lastKnownFileType = sourcecode.cpp.cpp; path = dixon.cpp; sourceTree = "<group>"; };
		F6CB35D018EAC087008537F1 /* mcdespot.cpp */ = {isa = PBXFileReference; fileEncoding = 4; lastKnownFileType = sourcecode.cpp.cpp; path = mcdespot.cpp; sourceTree = "<group>"; };
		F6CB35D118EAC087008537F1 /* mcsignal.cpp */ = {isa = PBXFileReference; fileEncoding = 4; lastKnownFileType = sourcecode.cpp.cpp; path = mcsignal.cpp; sourceTree = "<group>"; };
		F6CB35D218EAC087008537F1 /* Model.cpp */ = {isa = PBXFileReference; fileEncoding = 4; lastKnownFileType = sourcecode.cpp.cpp; path = Model.cpp; sourceTree = "<group>"; };
		F6CB35D318EAC087008537F1 /* Model.h */ = {isa = PBXFileReference; fileEncoding = 4; lastKnownFileType = sourcecode.c.h; path = Model.h; sourceTree = "<group>"; };
		F6CB35D418EAC087008537F1 /* phasemap.cpp */ = {isa = PBXFileReference; fileEncoding = 4; lastKnownFileType = sourcecode.cpp.cpp; path = phasemap.cpp; sourceTree = "<group>"; };
		F6CB35D518EAC087008537F1 /* RegionContraction.h */ = {isa = PBXFileReference; fileEncoding = 4; lastKnownFileType = sourcecode.c.h; path = RegionContraction.h; sourceTree = "<group>"; };
		F6CB35D618EAC087008537F1 /* ssfpbands.cpp */ = {isa = PBXFileReference; fileEncoding = 4; lastKnownFileType = sourcecode.cpp.cpp; path = ssfpbands.cpp; sourceTree = "<group>"; };
		F6CB35D718EAC087008537F1 /* test_despot.cpp */ = {isa = PBXFileReference; fileEncoding = 4; lastKnownFileType = sourcecode.cpp.cpp; path = test_despot.cpp; sourceTree = "<group>"; };
		F6CB35D818EAC087008537F1 /* ThreadPool.cpp */ = {isa = PBXFileReference; fileEncoding = 4; lastKnownFileType = sourcecode.cpp.cpp; path = ThreadPool.cpp; sourceTree = "<group>"; };
		F6CB35D918EAC087008537F1 /* ThreadPool.h */ = {isa = PBXFileReference; fileEncoding = 4; lastKnownFileType = sourcecode.c.h; path = ThreadPool.h; sourceTree = "<group>"; };
		F6E1F90A1591FFD200DA918F /* phasemap */ = {isa = PBXFileReference; explicitFileType = "compiled.mach-o.executable"; includeInIndex = 0; path = phasemap; sourceTree = BUILT_PRODUCTS_DIR; };
		F6E41D8D17C64F1A0043A338 /* Agilent.xcodeproj */ = {isa = PBXFileReference; lastKnownFileType = "wrapper.pb-project"; path = Agilent.xcodeproj; sourceTree = "<group>"; };
		F6E4A25B1590DA9100DA4001 /* despot1 */ = {isa = PBXFileReference; explicitFileType = "compiled.mach-o.executable"; includeInIndex = 0; path = despot1; sourceTree = BUILT_PRODUCTS_DIR; };
		F6E4A26A1590DAA400DA4001 /* despot2 */ = {isa = PBXFileReference; explicitFileType = "compiled.mach-o.executable"; includeInIndex = 0; path = despot2; sourceTree = BUILT_PRODUCTS_DIR; };
		F6E4A2781590DAB500DA4001 /* mcdespot */ = {isa = PBXFileReference; explicitFileType = "compiled.mach-o.executable"; includeInIndex = 0; path = mcdespot; sourceTree = BUILT_PRODUCTS_DIR; };
		F6E69DB218D3433E008382E2 /* ssfpbands */ = {isa = PBXFileReference; explicitFileType = "compiled.mach-o.executable"; includeInIndex = 0; path = ssfpbands; sourceTree = BUILT_PRODUCTS_DIR; };
		F6EA0A7E15DE3C490059E436 /* test_despot */ = {isa = PBXFileReference; explicitFileType = "compiled.mach-o.executable"; includeInIndex = 0; path = test_despot; sourceTree = BUILT_PRODUCTS_DIR; };
/* End PBXFileReference section */

/* Begin PBXFrameworksBuildPhase section */
		F660A65717BD1299008682C3 /* Frameworks */ = {
			isa = PBXFrameworksBuildPhase;
			buildActionMask = 2147483647;
			files = (
				F6CB361318EAC0D7008537F1 /* libAgilent.a in Frameworks */,
				F6CB361418EAC0D7008537F1 /* libNifti.a in Frameworks */,
				F6980B3117E1D20600F7DBD3 /* libz.dylib in Frameworks */,
			);
			runOnlyForDeploymentPostprocessing = 0;
		};
		F660A66417BD12AC008682C3 /* Frameworks */ = {
			isa = PBXFrameworksBuildPhase;
			buildActionMask = 2147483647;
			files = (
				F6CB361518EAC0DA008537F1 /* libAgilent.a in Frameworks */,
				F6CB361618EAC0DA008537F1 /* libNifti.a in Frameworks */,
				F6980B3217E1D20D00F7DBD3 /* libz.dylib in Frameworks */,
			);
			runOnlyForDeploymentPostprocessing = 0;
		};
		F663C99A18324E5E001B86BB /* Frameworks */ = {
			isa = PBXFrameworksBuildPhase;
			buildActionMask = 2147483647;
			files = (
				F6CB35FB18EAC0B9008537F1 /* libAgilent.a in Frameworks */,
				F6CB35FC18EAC0B9008537F1 /* libNifti.a in Frameworks */,
				F663C9B21832675F001B86BB /* libz.dylib in Frameworks */,
			);
			runOnlyForDeploymentPostprocessing = 0;
		};
		F675C8C815CC11E000BA95FC /* Frameworks */ = {
			isa = PBXFrameworksBuildPhase;
			buildActionMask = 2147483647;
			files = (
				F6CB360718EAC0C8008537F1 /* libAgilent.a in Frameworks */,
				F6CB360818EAC0C8008537F1 /* libNifti.a in Frameworks */,
				F6980B3017E1D1FB00F7DBD3 /* libz.dylib in Frameworks */,
			);
			runOnlyForDeploymentPostprocessing = 0;
		};
		F6BCF24418E1CE54009257D9 /* Frameworks */ = {
			isa = PBXFrameworksBuildPhase;
			buildActionMask = 2147483647;
			files = (
				F6CB362118EAC0E9008537F1 /* libAgilent.a in Frameworks */,
				F6CB362218EAC0E9008537F1 /* libNifti.a in Frameworks */,
				F6BCF25A18E1D3B0009257D9 /* libz.dylib in Frameworks */,
			);
			runOnlyForDeploymentPostprocessing = 0;
		};
		F6E1F9071591FFD200DA918F /* Frameworks */ = {
			isa = PBXFrameworksBuildPhase;
			buildActionMask = 2147483647;
			files = (
				F6CB360118EAC0C0008537F1 /* libAgilent.a in Frameworks */,
				F6CB360218EAC0C0008537F1 /* libNifti.a in Frameworks */,
				F6980B2F17E1D1F400F7DBD3 /* libz.dylib in Frameworks */,
			);
			runOnlyForDeploymentPostprocessing = 0;
		};
		F6E4A2581590DA9100DA4001 /* Frameworks */ = {
			isa = PBXFrameworksBuildPhase;
			buildActionMask = 2147483647;
			files = (
				F6CB35E918EAC098008537F1 /* libAgilent.a in Frameworks */,
				F6CB35EA18EAC098008537F1 /* libNifti.a in Frameworks */,
				F6980B2C17E1D1DB00F7DBD3 /* libz.dylib in Frameworks */,
			);
			runOnlyForDeploymentPostprocessing = 0;
		};
		F6E4A2671590DAA400DA4001 /* Frameworks */ = {
			isa = PBXFrameworksBuildPhase;
			buildActionMask = 2147483647;
			files = (
				F6CB35EF18EAC0A8008537F1 /* libAgilent.a in Frameworks */,
				F6CB35F018EAC0A8008537F1 /* libNifti.a in Frameworks */,
				F6980B2D17E1D1E200F7DBD3 /* libz.dylib in Frameworks */,
			);
			runOnlyForDeploymentPostprocessing = 0;
		};
		F6E4A2751590DAB500DA4001 /* Frameworks */ = {
			isa = PBXFrameworksBuildPhase;
			buildActionMask = 2147483647;
			files = (
				F6CB35F118EAC0AC008537F1 /* libAgilent.a in Frameworks */,
				F6CB35F218EAC0AC008537F1 /* libNifti.a in Frameworks */,
				F6980B2E17E1D1EB00F7DBD3 /* libz.dylib in Frameworks */,
			);
			runOnlyForDeploymentPostprocessing = 0;
		};
		F6E69DAF18D3433E008382E2 /* Frameworks */ = {
			isa = PBXFrameworksBuildPhase;
			buildActionMask = 2147483647;
			files = (
				F6CB361F18EAC0E6008537F1 /* libAgilent.a in Frameworks */,
				F6CB362018EAC0E6008537F1 /* libNifti.a in Frameworks */,
				F6E69DC718D3A126008382E2 /* libz.dylib in Frameworks */,
			);
			runOnlyForDeploymentPostprocessing = 0;
		};
		F6EA0A7B15DE3C490059E436 /* Frameworks */ = {
			isa = PBXFrameworksBuildPhase;
			buildActionMask = 2147483647;
			files = (
				F6CB360D18EAC0D0008537F1 /* libAgilent.a in Frameworks */,
				F6CB360E18EAC0D0008537F1 /* libNifti.a in Frameworks */,
				F61F3C6518303B9B00B1DE5D /* libz.dylib in Frameworks */,
			);
			runOnlyForDeploymentPostprocessing = 0;
		};
/* End PBXFrameworksBuildPhase section */

/* Begin PBXGroup section */
		F6BA456C18EAABA600E69FDD /* Products */ = {
			isa = PBXGroup;
			children = (
				F6BA457018EAABA700E69FDD /* libNifti.a */,
			);
			name = Products;
			sourceTree = "<group>";
		};
		F6CB359818EAAF60008537F1 /* Products */ = {
			isa = PBXGroup;
			children = (
				F6CB359C18EAAF60008537F1 /* libAgilent.a */,
			);
			name = Products;
			sourceTree = "<group>";
		};
		F6E4A2361590D9B000DA4001 = {
			isa = PBXGroup;
			children = (
				F6980B2A17E1D1D000F7DBD3 /* libz.dylib */,
				F6E41D8D17C64F1A0043A338 /* Agilent.xcodeproj */,
				F6B19DFC160B683B009F84C5 /* Nifti.xcodeproj */,
				F6E4A2441590D9B000DA4001 /* DESPOT */,
				F6E4A2421590D9B000DA4001 /* Products */,
			);
			sourceTree = "<group>";
		};
		F6E4A2421590D9B000DA4001 /* Products */ = {
			isa = PBXGroup;
			children = (
				F6E4A25B1590DA9100DA4001 /* despot1 */,
				F6E4A26A1590DAA400DA4001 /* despot2 */,
				F6E4A2781590DAB500DA4001 /* mcdespot */,
				F6E1F90A1591FFD200DA918F /* phasemap */,
				F675C8CB15CC11E000BA95FC /* afi */,
				F6EA0A7E15DE3C490059E436 /* test_despot */,
				F660A65A17BD1299008682C3 /* despot1hifi */,
				F660A66717BD12AC008682C3 /* despot2fm */,
				F663C99D18324E5E001B86BB /* mcsignal */,
				F6E69DB218D3433E008382E2 /* ssfpbands */,
				F6BCF24718E1CE54009257D9 /* dixon */,
			);
			name = Products;
			sourceTree = "<group>";
		};
		F6E4A2441590D9B000DA4001 /* DESPOT */ = {
			isa = PBXGroup;
			children = (
				F6CB35C618EAC087008537F1 /* afi.cpp */,
				F6CB35C718EAC087008537F1 /* DESPOT_Functors.cpp */,
				F6CB35C818EAC087008537F1 /* DESPOT_Functors.h */,
				F6CB35C918EAC087008537F1 /* DESPOT.cpp */,
				F6CB35CA18EAC087008537F1 /* DESPOT.h */,
				F6CB35CB18EAC087008537F1 /* despot1.cpp */,
				F6CB35CC18EAC087008537F1 /* despot1hifi.cpp */,
				F6CB35CD18EAC087008537F1 /* despot2.cpp */,
				F6CB35CE18EAC087008537F1 /* despot2fm.cpp */,
				F6CB35CF18EAC087008537F1 /* dixon.cpp */,
				F6CB35D018EAC087008537F1 /* mcdespot.cpp */,
				F6CB35D118EAC087008537F1 /* mcsignal.cpp */,
				F6CB35D218EAC087008537F1 /* Model.cpp */,
				F6CB35D318EAC087008537F1 /* Model.h */,
				F6CB35D418EAC087008537F1 /* phasemap.cpp */,
				F6CB35D518EAC087008537F1 /* RegionContraction.h */,
				F6CB35D618EAC087008537F1 /* ssfpbands.cpp */,
				F6CB35D718EAC087008537F1 /* test_despot.cpp */,
				F6CB35D818EAC087008537F1 /* ThreadPool.cpp */,
				F6CB35D918EAC087008537F1 /* ThreadPool.h */,
			);
			path = DESPOT;
			sourceTree = "<group>";
		};
/* End PBXGroup section */

/* Begin PBXNativeTarget section */
		F660A65917BD1299008682C3 /* despot1hifi */ = {
			isa = PBXNativeTarget;
			buildConfigurationList = F660A66017BD1299008682C3 /* Build configuration list for PBXNativeTarget "despot1hifi" */;
			buildPhases = (
				F660A65617BD1299008682C3 /* Sources */,
				F660A65717BD1299008682C3 /* Frameworks */,
				F660A65817BD1299008682C3 /* CopyFiles */,
			);
			buildRules = (
			);
			dependencies = (
				F6CB361018EAC0D4008537F1 /* PBXTargetDependency */,
				F6CB361218EAC0D4008537F1 /* PBXTargetDependency */,
			);
			name = despot1hifi;
			productName = despot1hifi;
			productReference = F660A65A17BD1299008682C3 /* despot1hifi */;
			productType = "com.apple.product-type.tool";
		};
		F660A66617BD12AC008682C3 /* despot2fm */ = {
			isa = PBXNativeTarget;
			buildConfigurationList = F660A66D17BD12AC008682C3 /* Build configuration list for PBXNativeTarget "despot2fm" */;
			buildPhases = (
				F660A66317BD12AC008682C3 /* Sources */,
				F660A66417BD12AC008682C3 /* Frameworks */,
				F660A66517BD12AC008682C3 /* CopyFiles */,
			);
			buildRules = (
			);
			dependencies = (
				F6CB361818EAC0DE008537F1 /* PBXTargetDependency */,
				F6CB361A18EAC0DE008537F1 /* PBXTargetDependency */,
			);
			name = despot2fm;
			productName = despot2fm;
			productReference = F660A66717BD12AC008682C3 /* despot2fm */;
			productType = "com.apple.product-type.tool";
		};
		F663C99C18324E5E001B86BB /* mcsignal */ = {
			isa = PBXNativeTarget;
			buildConfigurationList = F663C9A918324E5E001B86BB /* Build configuration list for PBXNativeTarget "mcsignal" */;
			buildPhases = (
				F663C99918324E5E001B86BB /* Sources */,
				F663C99A18324E5E001B86BB /* Frameworks */,
				F663C99B18324E5E001B86BB /* CopyFiles */,
			);
			buildRules = (
			);
			dependencies = (
				F6CB35F818EAC0B6008537F1 /* PBXTargetDependency */,
				F6CB35FA18EAC0B6008537F1 /* PBXTargetDependency */,
			);
			name = mcsignal;
			productName = mcsignal;
			productReference = F663C99D18324E5E001B86BB /* mcsignal */;
			productType = "com.apple.product-type.tool";
		};
		F675C8CA15CC11E000BA95FC /* afi */ = {
			isa = PBXNativeTarget;
			buildConfigurationList = F675C8D215CC11E000BA95FC /* Build configuration list for PBXNativeTarget "afi" */;
			buildPhases = (
				F675C8C715CC11E000BA95FC /* Sources */,
				F675C8C815CC11E000BA95FC /* Frameworks */,
				F675C8C915CC11E000BA95FC /* CopyFiles */,
			);
			buildRules = (
			);
			dependencies = (
				F6CB360418EAC0C4008537F1 /* PBXTargetDependency */,
				F6CB360618EAC0C4008537F1 /* PBXTargetDependency */,
			);
			name = afi;
			productName = afi;
			productReference = F675C8CB15CC11E000BA95FC /* afi */;
			productType = "com.apple.product-type.tool";
		};
		F6BCF24618E1CE54009257D9 /* dixon */ = {
			isa = PBXNativeTarget;
			buildConfigurationList = F6BCF25418E1CE54009257D9 /* Build configuration list for PBXNativeTarget "dixon" */;
			buildPhases = (
				F6BCF24318E1CE54009257D9 /* Sources */,
				F6BCF24418E1CE54009257D9 /* Frameworks */,
				F6BCF24518E1CE54009257D9 /* CopyFiles */,
			);
			buildRules = (
			);
			dependencies = (
				F6CB362418EAC0ED008537F1 /* PBXTargetDependency */,
				F6CB362618EAC0ED008537F1 /* PBXTargetDependency */,
			);
			name = dixon;
			productName = dixon;
			productReference = F6BCF24718E1CE54009257D9 /* dixon */;
			productType = "com.apple.product-type.tool";
		};
		F6E1F9091591FFD200DA918F /* phasemap */ = {
			isa = PBXNativeTarget;
			buildConfigurationList = F6E1F9111591FFD200DA918F /* Build configuration list for PBXNativeTarget "phasemap" */;
			buildPhases = (
				F6E1F9061591FFD200DA918F /* Sources */,
				F6E1F9071591FFD200DA918F /* Frameworks */,
				F6E1F9081591FFD200DA918F /* CopyFiles */,
			);
			buildRules = (
			);
			dependencies = (
				F6CB35FE18EAC0BD008537F1 /* PBXTargetDependency */,
				F6CB360018EAC0BD008537F1 /* PBXTargetDependency */,
			);
			name = phasemap;
			productName = phasemap;
			productReference = F6E1F90A1591FFD200DA918F /* phasemap */;
			productType = "com.apple.product-type.tool";
		};
		F6E4A25A1590DA9100DA4001 /* despot1 */ = {
			isa = PBXNativeTarget;
			buildConfigurationList = F6E4A2641590DA9100DA4001 /* Build configuration list for PBXNativeTarget "despot1" */;
			buildPhases = (
				F6E4A2571590DA9100DA4001 /* Sources */,
				F6E4A2581590DA9100DA4001 /* Frameworks */,
				F6E4A2591590DA9100DA4001 /* CopyFiles */,
			);
			buildRules = (
			);
			dependencies = (
				F6CB35C318EAC063008537F1 /* PBXTargetDependency */,
				F6CB35C518EAC063008537F1 /* PBXTargetDependency */,
			);
			name = despot1;
			productName = despot1;
			productReference = F6E4A25B1590DA9100DA4001 /* despot1 */;
			productType = "com.apple.product-type.tool";
		};
		F6E4A2691590DAA400DA4001 /* despot2 */ = {
			isa = PBXNativeTarget;
			buildConfigurationList = F6E4A2711590DAA400DA4001 /* Build configuration list for PBXNativeTarget "despot2" */;
			buildPhases = (
				F6E4A2661590DAA400DA4001 /* Sources */,
				F6E4A2671590DAA400DA4001 /* Frameworks */,
				F6E4A2681590DAA400DA4001 /* CopyFiles */,
			);
			buildRules = (
			);
			dependencies = (
				F6CB35EC18EAC0A5008537F1 /* PBXTargetDependency */,
				F6CB35EE18EAC0A5008537F1 /* PBXTargetDependency */,
			);
			name = despot2;
			productName = despot2;
			productReference = F6E4A26A1590DAA400DA4001 /* despot2 */;
			productType = "com.apple.product-type.tool";
		};
		F6E4A2771590DAB500DA4001 /* mcdespot */ = {
			isa = PBXNativeTarget;
			buildConfigurationList = F6E4A27F1590DAB500DA4001 /* Build configuration list for PBXNativeTarget "mcdespot" */;
			buildPhases = (
				F6E4A2741590DAB500DA4001 /* Sources */,
				F6E4A2751590DAB500DA4001 /* Frameworks */,
				F6E4A2761590DAB500DA4001 /* CopyFiles */,
			);
			buildRules = (
			);
			dependencies = (
				F6CB35F418EAC0AF008537F1 /* PBXTargetDependency */,
				F6CB35F618EAC0AF008537F1 /* PBXTargetDependency */,
			);
			name = mcdespot;
			productName = mcdespot;
			productReference = F6E4A2781590DAB500DA4001 /* mcdespot */;
			productType = "com.apple.product-type.tool";
		};
		F6E69DB118D3433E008382E2 /* ssfpbands */ = {
			isa = PBXNativeTarget;
			buildConfigurationList = F6E69DC218D3433F008382E2 /* Build configuration list for PBXNativeTarget "ssfpbands" */;
			buildPhases = (
				F6E69DAE18D3433E008382E2 /* Sources */,
				F6E69DAF18D3433E008382E2 /* Frameworks */,
				F6E69DB018D3433E008382E2 /* CopyFiles */,
			);
			buildRules = (
			);
			dependencies = (
				F6CB361C18EAC0E2008537F1 /* PBXTargetDependency */,
				F6CB361E18EAC0E2008537F1 /* PBXTargetDependency */,
			);
			name = ssfpbands;
			productName = ssfpbands;
			productReference = F6E69DB218D3433E008382E2 /* ssfpbands */;
			productType = "com.apple.product-type.tool";
		};
		F6EA0A7D15DE3C490059E436 /* test_despot */ = {
			isa = PBXNativeTarget;
			buildConfigurationList = F6EA0A8915DE3C490059E436 /* Build configuration list for PBXNativeTarget "test_despot" */;
			buildPhases = (
				F6EA0A7A15DE3C490059E436 /* Sources */,
				F6EA0A7B15DE3C490059E436 /* Frameworks */,
				F6EA0A7C15DE3C490059E436 /* CopyFiles */,
			);
			buildRules = (
			);
			dependencies = (
				F6CB360A18EAC0CD008537F1 /* PBXTargetDependency */,
				F6CB360C18EAC0CD008537F1 /* PBXTargetDependency */,
			);
			name = test_despot;
			productName = test_despot;
			productReference = F6EA0A7E15DE3C490059E436 /* test_despot */;
			productType = "com.apple.product-type.tool";
		};
/* End PBXNativeTarget section */

/* Begin PBXProject section */
		F6E4A2381590D9B000DA4001 /* Project object */ = {
			isa = PBXProject;
			attributes = {
				LastUpgradeCheck = 0430;
			};
			buildConfigurationList = F6E4A23B1590D9B000DA4001 /* Build configuration list for PBXProject "DESPOT" */;
			compatibilityVersion = "Xcode 3.2";
			developmentRegion = English;
			hasScannedForEncodings = 0;
			knownRegions = (
				en,
			);
			mainGroup = F6E4A2361590D9B000DA4001;
			productRefGroup = F6E4A2421590D9B000DA4001 /* Products */;
			projectDirPath = "";
			projectReferences = (
				{
					ProductGroup = F6CB359818EAAF60008537F1 /* Products */;
					ProjectRef = F6E41D8D17C64F1A0043A338 /* Agilent.xcodeproj */;
				},
				{
					ProductGroup = F6BA456C18EAABA600E69FDD /* Products */;
					ProjectRef = F6B19DFC160B683B009F84C5 /* Nifti.xcodeproj */;
				},
			);
			projectRoot = "";
			targets = (
				F6E4A25A1590DA9100DA4001 /* despot1 */,
				F6E4A2691590DAA400DA4001 /* despot2 */,
				F6E4A2771590DAB500DA4001 /* mcdespot */,
				F663C99C18324E5E001B86BB /* mcsignal */,
				F6E1F9091591FFD200DA918F /* phasemap */,
				F675C8CA15CC11E000BA95FC /* afi */,
				F6EA0A7D15DE3C490059E436 /* test_despot */,
				F660A65917BD1299008682C3 /* despot1hifi */,
				F660A66617BD12AC008682C3 /* despot2fm */,
				F6E69DB118D3433E008382E2 /* ssfpbands */,
				F6BCF24618E1CE54009257D9 /* dixon */,
			);
		};
/* End PBXProject section */

/* Begin PBXReferenceProxy section */
		F6BA457018EAABA700E69FDD /* libNifti.a */ = {
			isa = PBXReferenceProxy;
			fileType = archive.ar;
			path = libNifti.a;
			remoteRef = F6BA456F18EAABA700E69FDD /* PBXContainerItemProxy */;
			sourceTree = BUILT_PRODUCTS_DIR;
		};
		F6CB359C18EAAF60008537F1 /* libAgilent.a */ = {
			isa = PBXReferenceProxy;
			fileType = archive.ar;
			path = libAgilent.a;
			remoteRef = F6CB359B18EAAF60008537F1 /* PBXContainerItemProxy */;
			sourceTree = BUILT_PRODUCTS_DIR;
		};
/* End PBXReferenceProxy section */

/* Begin PBXSourcesBuildPhase section */
		F660A65617BD1299008682C3 /* Sources */ = {
			isa = PBXSourcesBuildPhase;
			buildActionMask = 2147483647;
			files = (
				F6CB363918EAC146008537F1 /* DESPOT.cpp in Sources */,
				F6CB363A18EAC146008537F1 /* despot1hifi.cpp in Sources */,
				F6CB363B18EAC146008537F1 /* ThreadPool.cpp in Sources */,
			);
			runOnlyForDeploymentPostprocessing = 0;
		};
		F660A66317BD12AC008682C3 /* Sources */ = {
			isa = PBXSourcesBuildPhase;
			buildActionMask = 2147483647;
			files = (
				F6CB363C18EAC150008537F1 /* DESPOT_Functors.cpp in Sources */,
				F6CB363D18EAC150008537F1 /* DESPOT.cpp in Sources */,
				F6CB363E18EAC150008537F1 /* despot2fm.cpp in Sources */,
				F6CB363F18EAC150008537F1 /* Model.cpp in Sources */,
				F6CB364018EAC150008537F1 /* ThreadPool.cpp in Sources */,
			);
			runOnlyForDeploymentPostprocessing = 0;
		};
		F663C99918324E5E001B86BB /* Sources */ = {
			isa = PBXSourcesBuildPhase;
			buildActionMask = 2147483647;
			files = (
				F6CB362F18EAC124008537F1 /* DESPOT.cpp in Sources */,
				F6CB363018EAC124008537F1 /* mcsignal.cpp in Sources */,
				F6CB363118EAC124008537F1 /* Model.cpp in Sources */,
				F6CB363218EAC124008537F1 /* ThreadPool.cpp in Sources */,
			);
			runOnlyForDeploymentPostprocessing = 0;
		};
		F675C8C715CC11E000BA95FC /* Sources */ = {
			isa = PBXSourcesBuildPhase;
			buildActionMask = 2147483647;
			files = (
				F6CB364518EAC24E008537F1 /* DESPOT.cpp in Sources */,
				F6CB363518EAC135008537F1 /* afi.cpp in Sources */,
				F6CB363618EAC135008537F1 /* ThreadPool.cpp in Sources */,
			);
			runOnlyForDeploymentPostprocessing = 0;
		};
		F6BCF24318E1CE54009257D9 /* Sources */ = {
			isa = PBXSourcesBuildPhase;
			buildActionMask = 2147483647;
			files = (
				F6CB364318EAC161008537F1 /* dixon.cpp in Sources */,
				F6CB364418EAC161008537F1 /* ThreadPool.cpp in Sources */,
			);
			runOnlyForDeploymentPostprocessing = 0;
		};
		F6E1F9061591FFD200DA918F /* Sources */ = {
			isa = PBXSourcesBuildPhase;
			buildActionMask = 2147483647;
			files = (
				F6CB364618EAC2ED008537F1 /* DESPOT.cpp in Sources */,
				F6CB363318EAC131008537F1 /* phasemap.cpp in Sources */,
				F6CB363418EAC131008537F1 /* ThreadPool.cpp in Sources */,
			);
			runOnlyForDeploymentPostprocessing = 0;
		};
		F6E4A2571590DA9100DA4001 /* Sources */ = {
			isa = PBXSourcesBuildPhase;
			buildActionMask = 2147483647;
			files = (
				F6CB35DD18EAC087008537F1 /* despot1.cpp in Sources */,
				F6CB35E818EAC087008537F1 /* ThreadPool.cpp in Sources */,
				F6CB35DB18EAC087008537F1 /* DESPOT_Functors.cpp in Sources */,
				F6CB35E418EAC087008537F1 /* Model.cpp in Sources */,
				F6CB35DC18EAC087008537F1 /* DESPOT.cpp in Sources */,
			);
			runOnlyForDeploymentPostprocessing = 0;
		};
		F6E4A2661590DAA400DA4001 /* Sources */ = {
			isa = PBXSourcesBuildPhase;
			buildActionMask = 2147483647;
			files = (
				F6CB362718EAC0FD008537F1 /* DESPOT.cpp in Sources */,
				F6CB362818EAC0FD008537F1 /* despot2.cpp in Sources */,
				F6CB362918EAC0FD008537F1 /* ThreadPool.cpp in Sources */,
			);
			runOnlyForDeploymentPostprocessing = 0;
		};
		F6E4A2741590DAB500DA4001 /* Sources */ = {
			isa = PBXSourcesBuildPhase;
			buildActionMask = 2147483647;
			files = (
				F6CB362E18EAC10D008537F1 /* DESPOT_Functors.cpp in Sources */,
				F6CB362A18EAC107008537F1 /* DESPOT.cpp in Sources */,
				F6CB362B18EAC107008537F1 /* mcdespot.cpp in Sources */,
				F6CB362C18EAC107008537F1 /* Model.cpp in Sources */,
				F6CB362D18EAC107008537F1 /* ThreadPool.cpp in Sources */,
			);
			runOnlyForDeploymentPostprocessing = 0;
		};
		F6E69DAE18D3433E008382E2 /* Sources */ = {
			isa = PBXSourcesBuildPhase;
			buildActionMask = 2147483647;
			files = (
				F6CB364118EAC15B008537F1 /* ssfpbands.cpp in Sources */,
				F6CB364218EAC15B008537F1 /* ThreadPool.cpp in Sources */,
			);
			runOnlyForDeploymentPostprocessing = 0;
		};
		F6EA0A7A15DE3C490059E436 /* Sources */ = {
			isa = PBXSourcesBuildPhase;
			buildActionMask = 2147483647;
			files = (
				F6CB363718EAC13D008537F1 /* test_despot.cpp in Sources */,
				F6CB363818EAC13D008537F1 /* ThreadPool.cpp in Sources */,
			);
			runOnlyForDeploymentPostprocessing = 0;
		};
/* End PBXSourcesBuildPhase section */

/* Begin PBXTargetDependency section */
		F6CB35C318EAC063008537F1 /* PBXTargetDependency */ = {
			isa = PBXTargetDependency;
			name = Agilent;
			targetProxy = F6CB35C218EAC063008537F1 /* PBXContainerItemProxy */;
		};
		F6CB35C518EAC063008537F1 /* PBXTargetDependency */ = {
			isa = PBXTargetDependency;
			name = Nifti;
			targetProxy = F6CB35C418EAC063008537F1 /* PBXContainerItemProxy */;
		};
		F6CB35EC18EAC0A5008537F1 /* PBXTargetDependency */ = {
			isa = PBXTargetDependency;
			name = Agilent;
			targetProxy = F6CB35EB18EAC0A5008537F1 /* PBXContainerItemProxy */;
		};
		F6CB35EE18EAC0A5008537F1 /* PBXTargetDependency */ = {
			isa = PBXTargetDependency;
			name = Nifti;
			targetProxy = F6CB35ED18EAC0A5008537F1 /* PBXContainerItemProxy */;
		};
		F6CB35F418EAC0AF008537F1 /* PBXTargetDependency */ = {
			isa = PBXTargetDependency;
			name = Agilent;
			targetProxy = F6CB35F318EAC0AF008537F1 /* PBXContainerItemProxy */;
		};
		F6CB35F618EAC0AF008537F1 /* PBXTargetDependency */ = {
			isa = PBXTargetDependency;
			name = Nifti;
			targetProxy = F6CB35F518EAC0AF008537F1 /* PBXContainerItemProxy */;
		};
		F6CB35F818EAC0B6008537F1 /* PBXTargetDependency */ = {
			isa = PBXTargetDependency;
			name = Agilent;
			targetProxy = F6CB35F718EAC0B6008537F1 /* PBXContainerItemProxy */;
		};
		F6CB35FA18EAC0B6008537F1 /* PBXTargetDependency */ = {
			isa = PBXTargetDependency;
			name = Nifti;
			targetProxy = F6CB35F918EAC0B6008537F1 /* PBXContainerItemProxy */;
		};
		F6CB35FE18EAC0BD008537F1 /* PBXTargetDependency */ = {
			isa = PBXTargetDependency;
			name = Agilent;
			targetProxy = F6CB35FD18EAC0BD008537F1 /* PBXContainerItemProxy */;
		};
		F6CB360018EAC0BD008537F1 /* PBXTargetDependency */ = {
			isa = PBXTargetDependency;
			name = Nifti;
			targetProxy = F6CB35FF18EAC0BD008537F1 /* PBXContainerItemProxy */;
		};
		F6CB360418EAC0C4008537F1 /* PBXTargetDependency */ = {
			isa = PBXTargetDependency;
			name = Agilent;
			targetProxy = F6CB360318EAC0C4008537F1 /* PBXContainerItemProxy */;
		};
		F6CB360618EAC0C4008537F1 /* PBXTargetDependency */ = {
			isa = PBXTargetDependency;
			name = Nifti;
			targetProxy = F6CB360518EAC0C4008537F1 /* PBXContainerItemProxy */;
		};
		F6CB360A18EAC0CD008537F1 /* PBXTargetDependency */ = {
			isa = PBXTargetDependency;
			name = Agilent;
			targetProxy = F6CB360918EAC0CD008537F1 /* PBXContainerItemProxy */;
		};
		F6CB360C18EAC0CD008537F1 /* PBXTargetDependency */ = {
			isa = PBXTargetDependency;
			name = Nifti;
			targetProxy = F6CB360B18EAC0CD008537F1 /* PBXContainerItemProxy */;
		};
		F6CB361018EAC0D4008537F1 /* PBXTargetDependency */ = {
			isa = PBXTargetDependency;
			name = Agilent;
			targetProxy = F6CB360F18EAC0D4008537F1 /* PBXContainerItemProxy */;
		};
		F6CB361218EAC0D4008537F1 /* PBXTargetDependency */ = {
			isa = PBXTargetDependency;
			name = Nifti;
			targetProxy = F6CB361118EAC0D4008537F1 /* PBXContainerItemProxy */;
		};
		F6CB361818EAC0DE008537F1 /* PBXTargetDependency */ = {
			isa = PBXTargetDependency;
			name = Agilent;
			targetProxy = F6CB361718EAC0DE008537F1 /* PBXContainerItemProxy */;
		};
		F6CB361A18EAC0DE008537F1 /* PBXTargetDependency */ = {
			isa = PBXTargetDependency;
			name = Nifti;
			targetProxy = F6CB361918EAC0DE008537F1 /* PBXContainerItemProxy */;
		};
		F6CB361C18EAC0E2008537F1 /* PBXTargetDependency */ = {
			isa = PBXTargetDependency;
			name = Agilent;
			targetProxy = F6CB361B18EAC0E2008537F1 /* PBXContainerItemProxy */;
		};
		F6CB361E18EAC0E2008537F1 /* PBXTargetDependency */ = {
			isa = PBXTargetDependency;
			name = Nifti;
			targetProxy = F6CB361D18EAC0E2008537F1 /* PBXContainerItemProxy */;
		};
		F6CB362418EAC0ED008537F1 /* PBXTargetDependency */ = {
			isa = PBXTargetDependency;
			name = Agilent;
			targetProxy = F6CB362318EAC0ED008537F1 /* PBXContainerItemProxy */;
		};
		F6CB362618EAC0ED008537F1 /* PBXTargetDependency */ = {
			isa = PBXTargetDependency;
			name = Nifti;
			targetProxy = F6CB362518EAC0ED008537F1 /* PBXContainerItemProxy */;
		};
/* End PBXTargetDependency section */

/* Begin XCBuildConfiguration section */
		F660A66117BD1299008682C3 /* Debug */ = {
			isa = XCBuildConfiguration;
			buildSettings = {
				CLANG_CXX_LANGUAGE_STANDARD = "gnu++0x";
				CLANG_WARN__DUPLICATE_METHOD_MATCH = YES;
				GCC_C_LANGUAGE_STANDARD = gnu99;
				GCC_SYMBOLS_PRIVATE_EXTERN = NO;
				PRODUCT_NAME = "$(TARGET_NAME)";
			};
			name = Debug;
		};
		F660A66217BD1299008682C3 /* Release */ = {
			isa = XCBuildConfiguration;
			buildSettings = {
				CLANG_CXX_LANGUAGE_STANDARD = "gnu++0x";
				CLANG_WARN__DUPLICATE_METHOD_MATCH = YES;
				GCC_C_LANGUAGE_STANDARD = gnu99;
				PRODUCT_NAME = "$(TARGET_NAME)";
			};
			name = Release;
		};
		F660A66E17BD12AC008682C3 /* Debug */ = {
			isa = XCBuildConfiguration;
			buildSettings = {
				CLANG_CXX_LANGUAGE_STANDARD = "gnu++0x";
				CLANG_WARN_CONSTANT_CONVERSION = YES;
				CLANG_WARN_EMPTY_BODY = YES;
				CLANG_WARN_ENUM_CONVERSION = YES;
				CLANG_WARN_INT_CONVERSION = YES;
				CLANG_WARN__DUPLICATE_METHOD_MATCH = YES;
				GCC_C_LANGUAGE_STANDARD = gnu99;
				GCC_SYMBOLS_PRIVATE_EXTERN = NO;
				PRODUCT_NAME = "$(TARGET_NAME)";
			};
			name = Debug;
		};
		F660A66F17BD12AC008682C3 /* Release */ = {
			isa = XCBuildConfiguration;
			buildSettings = {
				CLANG_CXX_LANGUAGE_STANDARD = "gnu++0x";
				CLANG_WARN_CONSTANT_CONVERSION = YES;
				CLANG_WARN_EMPTY_BODY = YES;
				CLANG_WARN_ENUM_CONVERSION = YES;
				CLANG_WARN_INT_CONVERSION = YES;
				CLANG_WARN__DUPLICATE_METHOD_MATCH = YES;
				GCC_C_LANGUAGE_STANDARD = gnu99;
				PRODUCT_NAME = "$(TARGET_NAME)";
			};
			name = Release;
		};
		F663C9A318324E5E001B86BB /* Debug */ = {
			isa = XCBuildConfiguration;
			buildSettings = {
				PRODUCT_NAME = "$(TARGET_NAME)";
			};
			name = Debug;
		};
		F663C9A418324E5E001B86BB /* Release */ = {
			isa = XCBuildConfiguration;
			buildSettings = {
				PRODUCT_NAME = "$(TARGET_NAME)";
			};
			name = Release;
		};
		F675C8D315CC11E000BA95FC /* Debug */ = {
			isa = XCBuildConfiguration;
			buildSettings = {
				PRODUCT_NAME = "$(TARGET_NAME)";
			};
			name = Debug;
		};
		F675C8D415CC11E000BA95FC /* Release */ = {
			isa = XCBuildConfiguration;
			buildSettings = {
				PRODUCT_NAME = "$(TARGET_NAME)";
			};
			name = Release;
		};
		F6BCF24D18E1CE54009257D9 /* Debug */ = {
			isa = XCBuildConfiguration;
			buildSettings = {
				CLANG_CXX_LANGUAGE_STANDARD = "gnu++0x";
				CLANG_ENABLE_MODULES = YES;
				CLANG_ENABLE_OBJC_ARC = YES;
				CLANG_WARN_BOOL_CONVERSION = YES;
				CLANG_WARN_CONSTANT_CONVERSION = YES;
				CLANG_WARN_DIRECT_OBJC_ISA_USAGE = YES_ERROR;
				CLANG_WARN_EMPTY_BODY = YES;
				CLANG_WARN_ENUM_CONVERSION = YES;
				CLANG_WARN_INT_CONVERSION = YES;
				CLANG_WARN_OBJC_ROOT_CLASS = YES_ERROR;
				CLANG_WARN__DUPLICATE_METHOD_MATCH = YES;
				GCC_C_LANGUAGE_STANDARD = gnu99;
				GCC_PREPROCESSOR_DEFINITIONS = (
					"DEBUG=1",
					"$(inherited)",
				);
				GCC_SYMBOLS_PRIVATE_EXTERN = NO;
				GCC_WARN_64_TO_32_BIT_CONVERSION = YES;
				GCC_WARN_ABOUT_RETURN_TYPE = YES_ERROR;
				GCC_WARN_UNDECLARED_SELECTOR = YES;
				GCC_WARN_UNINITIALIZED_AUTOS = YES_AGGRESSIVE;
				MACOSX_DEPLOYMENT_TARGET = 10.9;
				PRODUCT_NAME = "$(TARGET_NAME)";
			};
			name = Debug;
		};
		F6BCF24E18E1CE54009257D9 /* Release */ = {
			isa = XCBuildConfiguration;
			buildSettings = {
				CLANG_CXX_LANGUAGE_STANDARD = "gnu++0x";
				CLANG_ENABLE_MODULES = YES;
				CLANG_ENABLE_OBJC_ARC = YES;
				CLANG_WARN_BOOL_CONVERSION = YES;
				CLANG_WARN_CONSTANT_CONVERSION = YES;
				CLANG_WARN_DIRECT_OBJC_ISA_USAGE = YES_ERROR;
				CLANG_WARN_EMPTY_BODY = YES;
				CLANG_WARN_ENUM_CONVERSION = YES;
				CLANG_WARN_INT_CONVERSION = YES;
				CLANG_WARN_OBJC_ROOT_CLASS = YES_ERROR;
				CLANG_WARN__DUPLICATE_METHOD_MATCH = YES;
				ENABLE_NS_ASSERTIONS = NO;
				GCC_C_LANGUAGE_STANDARD = gnu99;
				GCC_WARN_64_TO_32_BIT_CONVERSION = YES;
				GCC_WARN_ABOUT_RETURN_TYPE = YES_ERROR;
				GCC_WARN_UNDECLARED_SELECTOR = YES;
				GCC_WARN_UNINITIALIZED_AUTOS = YES_AGGRESSIVE;
				MACOSX_DEPLOYMENT_TARGET = 10.9;
				PRODUCT_NAME = "$(TARGET_NAME)";
			};
			name = Release;
		};
		F6E1F9121591FFD200DA918F /* Debug */ = {
			isa = XCBuildConfiguration;
			buildSettings = {
				PRODUCT_NAME = "$(TARGET_NAME)";
			};
			name = Debug;
		};
		F6E1F9131591FFD200DA918F /* Release */ = {
			isa = XCBuildConfiguration;
			buildSettings = {
				PRODUCT_NAME = "$(TARGET_NAME)";
			};
			name = Release;
		};
		F6E4A2491590D9B000DA4001 /* Debug */ = {
			isa = XCBuildConfiguration;
			buildSettings = {
				ARCHS = "$(ARCHS_STANDARD_64_BIT)";
				CLANG_CXX_LANGUAGE_STANDARD = "c++0x";
				CLANG_CXX_LIBRARY = "libc++";
				CLANG_X86_VECTOR_INSTRUCTIONS = avx;
				COPY_PHASE_STRIP = NO;
				GCC_C_LANGUAGE_STANDARD = c99;
				GCC_DYNAMIC_NO_PIC = NO;
				GCC_ENABLE_OBJC_EXCEPTIONS = YES;
				GCC_INLINES_ARE_PRIVATE_EXTERN = NO;
				GCC_OPTIMIZATION_LEVEL = 0;
				GCC_PREPROCESSOR_DEFINITIONS = (
					"DEBUG=1",
					"$(inherited)",
				);
				GCC_SYMBOLS_PRIVATE_EXTERN = YES;
				GCC_VERSION = com.apple.compilers.llvm.clang.1_0;
				GCC_WARN_ABOUT_MISSING_FIELD_INITIALIZERS = YES;
				GCC_WARN_ABOUT_MISSING_PROTOTYPES = YES;
				GCC_WARN_ABOUT_RETURN_TYPE = YES;
				GCC_WARN_INITIALIZER_NOT_FULLY_BRACKETED = YES;
				GCC_WARN_PEDANTIC = NO;
				GCC_WARN_SIGN_COMPARE = YES;
				GCC_WARN_UNINITIALIZED_AUTOS = YES;
				GCC_WARN_UNUSED_FUNCTION = YES;
				GCC_WARN_UNUSED_LABEL = YES;
				GCC_WARN_UNUSED_PARAMETER = YES;
				GCC_WARN_UNUSED_VARIABLE = YES;
				HEADER_SEARCH_PATHS = (
					"$(inherited)",
					/Applications/Xcode.app/Contents/Developer/Toolchains/XcodeDefault.xctoolchain/usr/include,
					"~/Code/eigen",
				);
				MACOSX_DEPLOYMENT_TARGET = 10.7;
				ONLY_ACTIVE_ARCH = YES;
				OTHER_CPLUSPLUSFLAGS = (
					"$(OTHER_CFLAGS)",
					"-Wno-deprecated-register",
					"-ferror-limit=5",
					"-DAGILENT",
				);
				OTHER_LDFLAGS = "";
				SDKROOT = macosx;
				USER_HEADER_SEARCH_PATHS = "$(PROJECT_DIR) $(PROJECT_DIR)/Agilent";
				VALID_ARCHS = x86_64;
			};
			name = Debug;
		};
		F6E4A24A1590D9B000DA4001 /* Release */ = {
			isa = XCBuildConfiguration;
			buildSettings = {
				ARCHS = "$(ARCHS_STANDARD_64_BIT)";
				CLANG_CXX_LANGUAGE_STANDARD = "c++0x";
				CLANG_CXX_LIBRARY = "libc++";
				CLANG_X86_VECTOR_INSTRUCTIONS = avx;
				COPY_PHASE_STRIP = YES;
				DEBUG_INFORMATION_FORMAT = "dwarf-with-dsym";
				GCC_C_LANGUAGE_STANDARD = c99;
				GCC_ENABLE_OBJC_EXCEPTIONS = YES;
				GCC_INLINES_ARE_PRIVATE_EXTERN = NO;
				GCC_OPTIMIZATION_LEVEL = 3;
				GCC_SYMBOLS_PRIVATE_EXTERN = YES;
				GCC_VERSION = com.apple.compilers.llvm.clang.1_0;
				GCC_WARN_ABOUT_MISSING_FIELD_INITIALIZERS = YES;
				GCC_WARN_ABOUT_MISSING_PROTOTYPES = YES;
				GCC_WARN_ABOUT_RETURN_TYPE = YES;
				GCC_WARN_INITIALIZER_NOT_FULLY_BRACKETED = YES;
				GCC_WARN_PEDANTIC = NO;
				GCC_WARN_SIGN_COMPARE = YES;
				GCC_WARN_UNINITIALIZED_AUTOS = YES;
				GCC_WARN_UNUSED_FUNCTION = YES;
				GCC_WARN_UNUSED_LABEL = YES;
				GCC_WARN_UNUSED_PARAMETER = YES;
				GCC_WARN_UNUSED_VARIABLE = YES;
				HEADER_SEARCH_PATHS = (
					"$(inherited)",
					/Applications/Xcode.app/Contents/Developer/Toolchains/XcodeDefault.xctoolchain/usr/include,
					"~/Code/eigen",
				);
				MACOSX_DEPLOYMENT_TARGET = 10.7;
				ONLY_ACTIVE_ARCH = YES;
				OTHER_CPLUSPLUSFLAGS = (
					"$(OTHER_CFLAGS)",
					"-Wno-deprecated-register",
					"-ferror-limit=5",
					"-DAGILENT",
				);
				OTHER_LDFLAGS = "";
				SDKROOT = macosx;
				USER_HEADER_SEARCH_PATHS = "$(PROJECT_DIR) $(PROJECT_DIR)/Agilent";
				VALID_ARCHS = x86_64;
			};
			name = Release;
		};
		F6E4A2621590DA9100DA4001 /* Debug */ = {
			isa = XCBuildConfiguration;
			buildSettings = {
				PRODUCT_NAME = "$(TARGET_NAME)";
			};
			name = Debug;
		};
		F6E4A2631590DA9100DA4001 /* Release */ = {
			isa = XCBuildConfiguration;
			buildSettings = {
				PRODUCT_NAME = "$(TARGET_NAME)";
			};
			name = Release;
		};
		F6E4A2721590DAA400DA4001 /* Debug */ = {
			isa = XCBuildConfiguration;
			buildSettings = {
				PRODUCT_NAME = "$(TARGET_NAME)";
			};
			name = Debug;
		};
		F6E4A2731590DAA400DA4001 /* Release */ = {
			isa = XCBuildConfiguration;
			buildSettings = {
				PRODUCT_NAME = "$(TARGET_NAME)";
			};
			name = Release;
		};
		F6E4A2801590DAB500DA4001 /* Debug */ = {
			isa = XCBuildConfiguration;
			buildSettings = {
				PRODUCT_NAME = "$(TARGET_NAME)";
			};
			name = Debug;
		};
		F6E4A2811590DAB500DA4001 /* Release */ = {
			isa = XCBuildConfiguration;
			buildSettings = {
				PRODUCT_NAME = "$(TARGET_NAME)";
			};
			name = Release;
		};
		F6E69DB818D3433F008382E2 /* Debug */ = {
			isa = XCBuildConfiguration;
			buildSettings = {
				CLANG_CXX_LANGUAGE_STANDARD = "gnu++0x";
				CLANG_ENABLE_MODULES = YES;
				CLANG_ENABLE_OBJC_ARC = YES;
				CLANG_WARN_BOOL_CONVERSION = YES;
				CLANG_WARN_DIRECT_OBJC_ISA_USAGE = YES_ERROR;
				CLANG_WARN_OBJC_ROOT_CLASS = YES_ERROR;
				CLANG_WARN__DUPLICATE_METHOD_MATCH = YES;
				GCC_C_LANGUAGE_STANDARD = gnu99;
				GCC_PREPROCESSOR_DEFINITIONS = (
					"DEBUG=1",
					"$(inherited)",
				);
				GCC_SYMBOLS_PRIVATE_EXTERN = NO;
				GCC_WARN_ABOUT_RETURN_TYPE = YES_ERROR;
				GCC_WARN_UNDECLARED_SELECTOR = YES;
				GCC_WARN_UNINITIALIZED_AUTOS = YES_AGGRESSIVE;
				MACOSX_DEPLOYMENT_TARGET = 10.9;
				PRODUCT_NAME = "$(TARGET_NAME)";
			};
			name = Debug;
		};
		F6E69DB918D3433F008382E2 /* Release */ = {
			isa = XCBuildConfiguration;
			buildSettings = {
				CLANG_CXX_LANGUAGE_STANDARD = "gnu++0x";
				CLANG_ENABLE_MODULES = YES;
				CLANG_ENABLE_OBJC_ARC = YES;
				CLANG_WARN_BOOL_CONVERSION = YES;
				CLANG_WARN_DIRECT_OBJC_ISA_USAGE = YES_ERROR;
				CLANG_WARN_OBJC_ROOT_CLASS = YES_ERROR;
				CLANG_WARN__DUPLICATE_METHOD_MATCH = YES;
				ENABLE_NS_ASSERTIONS = NO;
				GCC_C_LANGUAGE_STANDARD = gnu99;
				GCC_WARN_ABOUT_RETURN_TYPE = YES_ERROR;
				GCC_WARN_UNDECLARED_SELECTOR = YES;
				GCC_WARN_UNINITIALIZED_AUTOS = YES_AGGRESSIVE;
				MACOSX_DEPLOYMENT_TARGET = 10.9;
				PRODUCT_NAME = "$(TARGET_NAME)";
			};
			name = Release;
		};
		F6EA0A8515DE3C490059E436 /* Debug */ = {
			isa = XCBuildConfiguration;
			buildSettings = {
				PRODUCT_NAME = "$(TARGET_NAME)";
			};
			name = Debug;
		};
		F6EA0A8615DE3C490059E436 /* Release */ = {
			isa = XCBuildConfiguration;
			buildSettings = {
				PRODUCT_NAME = "$(TARGET_NAME)";
			};
			name = Release;
		};
/* End XCBuildConfiguration section */

/* Begin XCConfigurationList section */
		F660A66017BD1299008682C3 /* Build configuration list for PBXNativeTarget "despot1hifi" */ = {
			isa = XCConfigurationList;
			buildConfigurations = (
				F660A66117BD1299008682C3 /* Debug */,
				F660A66217BD1299008682C3 /* Release */,
			);
			defaultConfigurationIsVisible = 0;
			defaultConfigurationName = Release;
		};
		F660A66D17BD12AC008682C3 /* Build configuration list for PBXNativeTarget "despot2fm" */ = {
			isa = XCConfigurationList;
			buildConfigurations = (
				F660A66E17BD12AC008682C3 /* Debug */,
				F660A66F17BD12AC008682C3 /* Release */,
			);
			defaultConfigurationIsVisible = 0;
			defaultConfigurationName = Release;
		};
		F663C9A918324E5E001B86BB /* Build configuration list for PBXNativeTarget "mcsignal" */ = {
			isa = XCConfigurationList;
			buildConfigurations = (
				F663C9A318324E5E001B86BB /* Debug */,
				F663C9A418324E5E001B86BB /* Release */,
			);
			defaultConfigurationIsVisible = 0;
			defaultConfigurationName = Release;
		};
		F675C8D215CC11E000BA95FC /* Build configuration list for PBXNativeTarget "afi" */ = {
			isa = XCConfigurationList;
			buildConfigurations = (
				F675C8D315CC11E000BA95FC /* Debug */,
				F675C8D415CC11E000BA95FC /* Release */,
			);
			defaultConfigurationIsVisible = 0;
			defaultConfigurationName = Release;
		};
		F6BCF25418E1CE54009257D9 /* Build configuration list for PBXNativeTarget "dixon" */ = {
			isa = XCConfigurationList;
			buildConfigurations = (
				F6BCF24D18E1CE54009257D9 /* Debug */,
				F6BCF24E18E1CE54009257D9 /* Release */,
			);
			defaultConfigurationIsVisible = 0;
			defaultConfigurationName = Release;
		};
		F6E1F9111591FFD200DA918F /* Build configuration list for PBXNativeTarget "phasemap" */ = {
			isa = XCConfigurationList;
			buildConfigurations = (
				F6E1F9121591FFD200DA918F /* Debug */,
				F6E1F9131591FFD200DA918F /* Release */,
			);
			defaultConfigurationIsVisible = 0;
			defaultConfigurationName = Release;
		};
		F6E4A23B1590D9B000DA4001 /* Build configuration list for PBXProject "DESPOT" */ = {
			isa = XCConfigurationList;
			buildConfigurations = (
				F6E4A2491590D9B000DA4001 /* Debug */,
				F6E4A24A1590D9B000DA4001 /* Release */,
			);
			defaultConfigurationIsVisible = 0;
			defaultConfigurationName = Release;
		};
		F6E4A2641590DA9100DA4001 /* Build configuration list for PBXNativeTarget "despot1" */ = {
			isa = XCConfigurationList;
			buildConfigurations = (
				F6E4A2621590DA9100DA4001 /* Debug */,
				F6E4A2631590DA9100DA4001 /* Release */,
			);
			defaultConfigurationIsVisible = 0;
			defaultConfigurationName = Release;
		};
		F6E4A2711590DAA400DA4001 /* Build configuration list for PBXNativeTarget "despot2" */ = {
			isa = XCConfigurationList;
			buildConfigurations = (
				F6E4A2721590DAA400DA4001 /* Debug */,
				F6E4A2731590DAA400DA4001 /* Release */,
			);
			defaultConfigurationIsVisible = 0;
			defaultConfigurationName = Release;
		};
		F6E4A27F1590DAB500DA4001 /* Build configuration list for PBXNativeTarget "mcdespot" */ = {
			isa = XCConfigurationList;
			buildConfigurations = (
				F6E4A2801590DAB500DA4001 /* Debug */,
				F6E4A2811590DAB500DA4001 /* Release */,
			);
			defaultConfigurationIsVisible = 0;
			defaultConfigurationName = Release;
		};
		F6E69DC218D3433F008382E2 /* Build configuration list for PBXNativeTarget "ssfpbands" */ = {
			isa = XCConfigurationList;
			buildConfigurations = (
				F6E69DB818D3433F008382E2 /* Debug */,
				F6E69DB918D3433F008382E2 /* Release */,
			);
			defaultConfigurationIsVisible = 0;
			defaultConfigurationName = Release;
		};
		F6EA0A8915DE3C490059E436 /* Build configuration list for PBXNativeTarget "test_despot" */ = {
			isa = XCConfigurationList;
			buildConfigurations = (
				F6EA0A8515DE3C490059E436 /* Debug */,
				F6EA0A8615DE3C490059E436 /* Release */,
			);
			defaultConfigurationIsVisible = 0;
			defaultConfigurationName = Release;
		};
/* End XCConfigurationList section */
	};
	rootObject = F6E4A2381590D9B000DA4001 /* Project object */;
}
