// !$*UTF8*$!
{
	archiveVersion = 1;
	classes = {
	};
	objectVersion = 46;
	objects = {

/* Begin PBXBuildFile section */
		F6BADCE6178B75DD00DCD475 /* nifti_hdr.cpp in Sources */ = {isa = PBXBuildFile; fileRef = F64D55DB178B0C3B005BF1A8 /* nifti_hdr.cpp */; };
		F6BADCE8178B75E800DCD475 /* libz.dylib in Frameworks */ = {isa = PBXBuildFile; fileRef = F64D55E5178B16DC005BF1A8 /* libz.dylib */; };
		F6F2E6F31792165900A4AC8F /* Nifti.cpp in Sources */ = {isa = PBXBuildFile; fileRef = F6C4AF16160B156C00254B6C /* Nifti.cpp */; };
		F6F2E6F41792166300A4AC8F /* libNifti.a in Frameworks */ = {isa = PBXBuildFile; fileRef = F6F2E6EF1792164800A4AC8F /* libNifti.a */; };
/* End PBXBuildFile section */

/* Begin PBXCopyFilesBuildPhase section */
		F6BADCDB178B75CA00DCD475 /* CopyFiles */ = {
			isa = PBXCopyFilesBuildPhase;
			buildActionMask = 2147483647;
			dstPath = /usr/share/man/man1/;
			dstSubfolderSpec = 0;
			files = (
			);
			runOnlyForDeploymentPostprocessing = 1;
		};
/* End PBXCopyFilesBuildPhase section */

/* Begin PBXFileReference section */
		F64D55DB178B0C3B005BF1A8 /* nifti_hdr.cpp */ = {isa = PBXFileReference; fileEncoding = 4; lastKnownFileType = sourcecode.cpp.cpp; path = nifti_hdr.cpp; sourceTree = "<group>"; };
		F64D55E5178B16DC005BF1A8 /* libz.dylib */ = {isa = PBXFileReference; lastKnownFileType = "compiled.mach-o.dylib"; name = libz.dylib; path = Platforms/MacOSX.platform/Developer/SDKs/MacOSX10.8.sdk/usr/lib/libz.dylib; sourceTree = DEVELOPER_DIR; };
		F6B0AB6B178CB9510098443E /* nifti_analyze.h */ = {isa = PBXFileReference; lastKnownFileType = sourcecode.c.h; path = nifti_analyze.h; sourceTree = "<group>"; };
		F6BADCDD178B75CA00DCD475 /* nifti_hdr */ = {isa = PBXFileReference; explicitFileType = "compiled.mach-o.executable"; includeInIndex = 0; path = nifti_hdr; sourceTree = BUILT_PRODUCTS_DIR; };
		F6C4AF16160B156C00254B6C /* Nifti.cpp */ = {isa = PBXFileReference; fileEncoding = 4; lastKnownFileType = sourcecode.cpp.cpp; path = Nifti.cpp; sourceTree = "<group>"; };
		F6C4AF17160B156C00254B6C /* Nifti.h */ = {isa = PBXFileReference; fileEncoding = 4; lastKnownFileType = sourcecode.c.h; path = Nifti.h; sourceTree = "<group>"; };
		F6E9DAAC16022D06005D73E3 /* nifti1.h */ = {isa = PBXFileReference; fileEncoding = 4; lastKnownFileType = sourcecode.c.h; path = nifti1.h; sourceTree = "<group>"; };
		F6F179E816033A8E0055CCBD /* libz.dylib */ = {isa = PBXFileReference; lastKnownFileType = "compiled.mach-o.dylib"; name = libz.dylib; path = usr/lib/libz.dylib; sourceTree = SDKROOT; };
		F6F2E6EF1792164800A4AC8F /* libNifti.a */ = {isa = PBXFileReference; explicitFileType = archive.ar; includeInIndex = 0; path = libNifti.a; sourceTree = BUILT_PRODUCTS_DIR; };
/* End PBXFileReference section */

/* Begin PBXFrameworksBuildPhase section */
		F6BADCDA178B75CA00DCD475 /* Frameworks */ = {
			isa = PBXFrameworksBuildPhase;
			buildActionMask = 2147483647;
			files = (
				F6F2E6F41792166300A4AC8F /* libNifti.a in Frameworks */,
				F6BADCE8178B75E800DCD475 /* libz.dylib in Frameworks */,
			);
			runOnlyForDeploymentPostprocessing = 0;
		};
		F6F2E6EC1792164800A4AC8F /* Frameworks */ = {
			isa = PBXFrameworksBuildPhase;
			buildActionMask = 2147483647;
			files = (
			);
			runOnlyForDeploymentPostprocessing = 0;
		};
/* End PBXFrameworksBuildPhase section */

/* Begin PBXGroup section */
		F6E9DA9716022CD1005D73E3 = {
			isa = PBXGroup;
			children = (
				F64D55E5178B16DC005BF1A8 /* libz.dylib */,
				F6F179E816033A8E0055CCBD /* libz.dylib */,
				F6E9DAB516022D0B005D73E3 /* Source */,
				F6BADCDD178B75CA00DCD475 /* nifti_hdr */,
				F6F2E6EF1792164800A4AC8F /* libNifti.a */,
			);
			sourceTree = "<group>";
		};
		F6E9DAB516022D0B005D73E3 /* Source */ = {
			isa = PBXGroup;
			children = (
				F6C4AF16160B156C00254B6C /* Nifti.cpp */,
				F6C4AF17160B156C00254B6C /* Nifti.h */,
				F6E9DAAC16022D06005D73E3 /* nifti1.h */,
				F64D55DB178B0C3B005BF1A8 /* nifti_hdr.cpp */,
				F6B0AB6B178CB9510098443E /* nifti_analyze.h */,
			);
			name = Source;
			sourceTree = "<group>";
		};
/* End PBXGroup section */

/* Begin PBXHeadersBuildPhase section */
		F6F2E6ED1792164800A4AC8F /* Headers */ = {
			isa = PBXHeadersBuildPhase;
			buildActionMask = 2147483647;
			files = (
			);
			runOnlyForDeploymentPostprocessing = 0;
		};
/* End PBXHeadersBuildPhase section */

/* Begin PBXNativeTarget section */
		F6BADCDC178B75CA00DCD475 /* nifti_hdr */ = {
			isa = PBXNativeTarget;
			buildConfigurationList = F6BADCE3178B75CA00DCD475 /* Build configuration list for PBXNativeTarget "nifti_hdr" */;
			buildPhases = (
				F6BADCD9178B75CA00DCD475 /* Sources */,
				F6BADCDA178B75CA00DCD475 /* Frameworks */,
				F6BADCDB178B75CA00DCD475 /* CopyFiles */,
			);
			buildRules = (
			);
			dependencies = (
			);
			name = nifti_hdr;
			productName = nifti_hdr;
			productReference = F6BADCDD178B75CA00DCD475 /* nifti_hdr */;
			productType = "com.apple.product-type.tool";
		};
		F6F2E6EE1792164800A4AC8F /* Nifti */ = {
			isa = PBXNativeTarget;
			buildConfigurationList = F6F2E6F01792164800A4AC8F /* Build configuration list for PBXNativeTarget "Nifti" */;
			buildPhases = (
				F6F2E6EB1792164800A4AC8F /* Sources */,
				F6F2E6EC1792164800A4AC8F /* Frameworks */,
				F6F2E6ED1792164800A4AC8F /* Headers */,
			);
			buildRules = (
			);
			dependencies = (
			);
			name = Nifti;
			productName = Nifti;
			productReference = F6F2E6EF1792164800A4AC8F /* libNifti.a */;
			productType = "com.apple.product-type.library.static";
		};
/* End PBXNativeTarget section */

/* Begin PBXProject section */
		F6E9DA9916022CD1005D73E3 /* Project object */ = {
			isa = PBXProject;
			attributes = {
				LastUpgradeCheck = 0440;
				ORGANIZATIONNAME = "Tobias Wood";
			};
			buildConfigurationList = F6E9DA9C16022CD1005D73E3 /* Build configuration list for PBXProject "NiftiImage" */;
			compatibilityVersion = "Xcode 3.2";
			developmentRegion = English;
			hasScannedForEncodings = 0;
			knownRegions = (
				en,
			);
			mainGroup = F6E9DA9716022CD1005D73E3;
			productRefGroup = F6E9DA9716022CD1005D73E3;
			projectDirPath = "";
			projectRoot = "";
			targets = (
				F6BADCDC178B75CA00DCD475 /* nifti_hdr */,
				F6F2E6EE1792164800A4AC8F /* Nifti */,
			);
		};
/* End PBXProject section */

/* Begin PBXSourcesBuildPhase section */
		F6BADCD9178B75CA00DCD475 /* Sources */ = {
			isa = PBXSourcesBuildPhase;
			buildActionMask = 2147483647;
			files = (
				F6BADCE6178B75DD00DCD475 /* nifti_hdr.cpp in Sources */,
			);
			runOnlyForDeploymentPostprocessing = 0;
		};
		F6F2E6EB1792164800A4AC8F /* Sources */ = {
			isa = PBXSourcesBuildPhase;
			buildActionMask = 2147483647;
			files = (
				F6F2E6F31792165900A4AC8F /* Nifti.cpp in Sources */,
			);
			runOnlyForDeploymentPostprocessing = 0;
		};
/* End PBXSourcesBuildPhase section */

/* Begin XCBuildConfiguration section */
		F6BADCE4178B75CA00DCD475 /* Debug */ = {
			isa = XCBuildConfiguration;
			buildSettings = {
				ALWAYS_SEARCH_USER_PATHS = NO;
				CLANG_CXX_LANGUAGE_STANDARD = "gnu++0x";
				CLANG_WARN_CONSTANT_CONVERSION = YES;
				CLANG_WARN_EMPTY_BODY = YES;
				CLANG_WARN_ENUM_CONVERSION = YES;
				CLANG_WARN_INT_CONVERSION = YES;
				GCC_C_LANGUAGE_STANDARD = gnu99;
				PRODUCT_NAME = "$(TARGET_NAME)";
				SDKROOT = macosx;
			};
			name = Debug;
		};
		F6BADCE5178B75CA00DCD475 /* Release */ = {
			isa = XCBuildConfiguration;
			buildSettings = {
				ALWAYS_SEARCH_USER_PATHS = NO;
				CLANG_CXX_LANGUAGE_STANDARD = "gnu++0x";
				CLANG_WARN_CONSTANT_CONVERSION = YES;
				CLANG_WARN_EMPTY_BODY = YES;
				CLANG_WARN_ENUM_CONVERSION = YES;
				CLANG_WARN_INT_CONVERSION = YES;
				GCC_C_LANGUAGE_STANDARD = gnu99;
				PRODUCT_NAME = "$(TARGET_NAME)";
				SDKROOT = macosx;
			};
			name = Release;
		};
		F6E9DAA416022CD1005D73E3 /* Debug */ = {
			isa = XCBuildConfiguration;
			buildSettings = {
				ALWAYS_SEARCH_USER_PATHS = YES;
				ARCHS = "$(ARCHS_STANDARD_64_BIT)";
				CLANG_CXX_LANGUAGE_STANDARD = "c++0x";
				CLANG_CXX_LIBRARY = "libc++";
				CLANG_WARN__DUPLICATE_METHOD_MATCH = YES;
				COPY_PHASE_STRIP = NO;
				GCC_C_LANGUAGE_STANDARD = c99;
				GCC_DYNAMIC_NO_PIC = NO;
				GCC_ENABLE_OBJC_EXCEPTIONS = YES;
				GCC_OPTIMIZATION_LEVEL = 0;
				GCC_PREPROCESSOR_DEFINITIONS = (
					"DEBUG=1",
					"$(inherited)",
				);
				GCC_SYMBOLS_PRIVATE_EXTERN = NO;
				GCC_WARN_64_TO_32_BIT_CONVERSION = YES;
				GCC_WARN_ABOUT_RETURN_TYPE = YES;
				GCC_WARN_UNINITIALIZED_AUTOS = YES;
				GCC_WARN_UNUSED_VARIABLE = YES;
				HEADER_SEARCH_PATHS = /Users/Tobias/Code/MR/eigen;
				MACOSX_DEPLOYMENT_TARGET = 10.7;
				ONLY_ACTIVE_ARCH = YES;
				USER_HEADER_SEARCH_PATHS = /Users/Tobias/Code/MR/eigen;
			};
			name = Debug;
		};
		F6E9DAA516022CD1005D73E3 /* Release */ = {
			isa = XCBuildConfiguration;
			buildSettings = {
				ALWAYS_SEARCH_USER_PATHS = YES;
				ARCHS = "$(ARCHS_STANDARD_64_BIT)";
				CLANG_CXX_LANGUAGE_STANDARD = "c++0x";
				CLANG_CXX_LIBRARY = "libc++";
				CLANG_WARN__DUPLICATE_METHOD_MATCH = YES;
				COPY_PHASE_STRIP = YES;
				DEBUG_INFORMATION_FORMAT = "dwarf-with-dsym";
				GCC_C_LANGUAGE_STANDARD = c99;
				GCC_ENABLE_OBJC_EXCEPTIONS = YES;
				GCC_OPTIMIZATION_LEVEL = 3;
				GCC_WARN_64_TO_32_BIT_CONVERSION = YES;
				GCC_WARN_ABOUT_RETURN_TYPE = YES;
				GCC_WARN_UNINITIALIZED_AUTOS = YES;
				GCC_WARN_UNUSED_VARIABLE = YES;
				HEADER_SEARCH_PATHS = /Users/Tobias/Code/MR/eigen;
				MACOSX_DEPLOYMENT_TARGET = 10.7;
				USER_HEADER_SEARCH_PATHS = /Users/Tobias/Code/MR/eigen;
			};
			name = Release;
		};
		F6F2E6F11792164800A4AC8F /* Debug */ = {
			isa = XCBuildConfiguration;
			buildSettings = {
				ALWAYS_SEARCH_USER_PATHS = NO;
				CLANG_CXX_LANGUAGE_STANDARD = "gnu++0x";
				CLANG_WARN_CONSTANT_CONVERSION = YES;
				CLANG_WARN_EMPTY_BODY = YES;
				CLANG_WARN_ENUM_CONVERSION = YES;
				CLANG_WARN_INT_CONVERSION = YES;
				EXECUTABLE_PREFIX = lib;
				GCC_C_LANGUAGE_STANDARD = gnu99;
				PRODUCT_NAME = "$(TARGET_NAME)";
				SDKROOT = macosx;
			};
			name = Debug;
		};
		F6F2E6F21792164800A4AC8F /* Release */ = {
			isa = XCBuildConfiguration;
			buildSettings = {
				ALWAYS_SEARCH_USER_PATHS = NO;
				CLANG_CXX_LANGUAGE_STANDARD = "gnu++0x";
				CLANG_WARN_CONSTANT_CONVERSION = YES;
				CLANG_WARN_EMPTY_BODY = YES;
				CLANG_WARN_ENUM_CONVERSION = YES;
				CLANG_WARN_INT_CONVERSION = YES;
				EXECUTABLE_PREFIX = lib;
				GCC_C_LANGUAGE_STANDARD = gnu99;
				PRODUCT_NAME = "$(TARGET_NAME)";
				SDKROOT = macosx;
			};
			name = Release;
		};
/* End XCBuildConfiguration section */

/* Begin XCConfigurationList section */
		F6BADCE3178B75CA00DCD475 /* Build configuration list for PBXNativeTarget "nifti_hdr" */ = {
			isa = XCConfigurationList;
			buildConfigurations = (
				F6BADCE4178B75CA00DCD475 /* Debug */,
				F6BADCE5178B75CA00DCD475 /* Release */,
			);
			defaultConfigurationIsVisible = 0;
			defaultConfigurationName = Release;
		};
		F6E9DA9C16022CD1005D73E3 /* Build configuration list for PBXProject "NiftiImage" */ = {
			isa = XCConfigurationList;
			buildConfigurations = (
				F6E9DAA416022CD1005D73E3 /* Debug */,
				F6E9DAA516022CD1005D73E3 /* Release */,
			);
			defaultConfigurationIsVisible = 0;
			defaultConfigurationName = Release;
		};
		F6F2E6F01792164800A4AC8F /* Build configuration list for PBXNativeTarget "Nifti" */ = {
			isa = XCConfigurationList;
			buildConfigurations = (
				F6F2E6F11792164800A4AC8F /* Debug */,
				F6F2E6F21792164800A4AC8F /* Release */,
			);
			defaultConfigurationIsVisible = 0;
			defaultConfigurationName = Release;
		};
/* End XCConfigurationList section */
	};
	rootObject = F6E9DA9916022CD1005D73E3 /* Project object */;
}
