// !$*UTF8*$!
{
	archiveVersion = 1;
	classes = {
	};
	objectVersion = 46;
	objects = {

/* Begin PBXBuildFile section */
		F6465B511677830100444730 /* FIDFile.cpp in Sources */ = {isa = PBXBuildFile; fileRef = F6687665165D2E15005490D1 /* FIDFile.cpp */; };
		F6465B521677830100444730 /* FID.cpp in Sources */ = {isa = PBXBuildFile; fileRef = F6465B1C1677789800444730 /* FID.cpp */; };
		F6465B531677830100444730 /* recon_util.cpp in Sources */ = {isa = PBXBuildFile; fileRef = F6465B4316777E0300444730 /* recon_util.cpp */; };
		F6465B541677830100444730 /* procpar.cpp in Sources */ = {isa = PBXBuildFile; fileRef = F6D581ED1652B415000DA0FF /* procpar.cpp */; };
		F6465B571677832000444730 /* libRecon.a in Frameworks */ = {isa = PBXBuildFile; fileRef = F6465B4D167782F600444730 /* libRecon.a */; };
		F6687667165D2E15005490D1 /* FIDFile.cpp in Sources */ = {isa = PBXBuildFile; fileRef = F6687665165D2E15005490D1 /* FIDFile.cpp */; };
		F6687677165D2EB1005490D1 /* nrecon.cpp in Sources */ = {isa = PBXBuildFile; fileRef = F6687676165D2EB1005490D1 /* nrecon.cpp */; };
		F6C6A64B167799660040FBDD /* libNiftiImage.a in Frameworks */ = {isa = PBXBuildFile; fileRef = F6C6A63C167798CE0040FBDD /* libNiftiImage.a */; };
		F6C6A64E16779B940040FBDD /* libz.dylib in Frameworks */ = {isa = PBXBuildFile; fileRef = F6C6A64D16779B940040FBDD /* libz.dylib */; };
		F6FA56C715AC1B8E006A347A /* main_procparse.cpp in Sources */ = {isa = PBXBuildFile; fileRef = F6FA56C615AC1B8E006A347A /* main_procparse.cpp */; };
/* End PBXBuildFile section */

/* Begin PBXContainerItemProxy section */
		F6465B551677831C00444730 /* PBXContainerItemProxy */ = {
			isa = PBXContainerItemProxy;
			containerPortal = F6FA56B015AC1B5B006A347A /* Project object */;
			proxyType = 1;
			remoteGlobalIDString = F6465B4C167782F600444730;
			remoteInfo = Recon;
		};
		F6C6A63B167798CE0040FBDD /* PBXContainerItemProxy */ = {
			isa = PBXContainerItemProxy;
			containerPortal = F6C6A637167798CD0040FBDD /* NiftiImage.xcodeproj */;
			proxyType = 2;
			remoteGlobalIDString = F63EBCA5160CA86C00F4D0BD;
			remoteInfo = NiftiImage;
		};
		F6C6A649167799620040FBDD /* PBXContainerItemProxy */ = {
			isa = PBXContainerItemProxy;
			containerPortal = F6C6A637167798CD0040FBDD /* NiftiImage.xcodeproj */;
			proxyType = 1;
			remoteGlobalIDString = F63EBC6D160CA7FF00F4D0BD;
			remoteInfo = NiftiImage;
		};
/* End PBXContainerItemProxy section */

/* Begin PBXCopyFilesBuildPhase section */
		F668766A165D2E3E005490D1 /* CopyFiles */ = {
			isa = PBXCopyFilesBuildPhase;
			buildActionMask = 2147483647;
			dstPath = /usr/share/man/man1/;
			dstSubfolderSpec = 0;
			files = (
			);
			runOnlyForDeploymentPostprocessing = 1;
		};
		F6FA56B715AC1B5B006A347A /* CopyFiles */ = {
			isa = PBXCopyFilesBuildPhase;
			buildActionMask = 2147483647;
			dstPath = /usr/share/man/man1/;
			dstSubfolderSpec = 0;
			files = (
			);
			runOnlyForDeploymentPostprocessing = 1;
		};
/* End PBXCopyFilesBuildPhase section */

/* Begin PBXFileReference section */
		F6465B1C1677789800444730 /* FID.cpp */ = {isa = PBXFileReference; lastKnownFileType = sourcecode.cpp.cpp; path = FID.cpp; sourceTree = "<group>"; };
		F6465B1D1677789800444730 /* FID.h */ = {isa = PBXFileReference; lastKnownFileType = sourcecode.c.h; path = FID.h; sourceTree = "<group>"; };
		F6465B4116777D9500444730 /* recon_util.h */ = {isa = PBXFileReference; fileEncoding = 4; lastKnownFileType = sourcecode.c.h; path = recon_util.h; sourceTree = "<group>"; };
		F6465B4316777E0300444730 /* recon_util.cpp */ = {isa = PBXFileReference; lastKnownFileType = sourcecode.cpp.cpp; path = recon_util.cpp; sourceTree = "<group>"; };
		F6465B4D167782F600444730 /* libRecon.a */ = {isa = PBXFileReference; explicitFileType = archive.ar; includeInIndex = 0; path = libRecon.a; sourceTree = BUILT_PRODUCTS_DIR; };
		F6687665165D2E15005490D1 /* FIDFile.cpp */ = {isa = PBXFileReference; fileEncoding = 4; lastKnownFileType = sourcecode.cpp.cpp; path = FIDFile.cpp; sourceTree = "<group>"; };
		F6687666165D2E15005490D1 /* FIDFile.h */ = {isa = PBXFileReference; fileEncoding = 4; lastKnownFileType = sourcecode.c.h; path = FIDFile.h; sourceTree = "<group>"; };
		F668766C165D2E3E005490D1 /* Nrecon */ = {isa = PBXFileReference; explicitFileType = "compiled.mach-o.executable"; includeInIndex = 0; path = Nrecon; sourceTree = BUILT_PRODUCTS_DIR; };
		F6687676165D2EB1005490D1 /* nrecon.cpp */ = {isa = PBXFileReference; fileEncoding = 4; lastKnownFileType = sourcecode.cpp.cpp; path = nrecon.cpp; sourceTree = SOURCE_ROOT; };
		F6B6672615AC5D980078252F /* procpar.h */ = {isa = PBXFileReference; explicitFileType = sourcecode.cpp.h; path = procpar.h; sourceTree = SOURCE_ROOT; };
		F6C6A637167798CD0040FBDD /* NiftiImage.xcodeproj */ = {isa = PBXFileReference; lastKnownFileType = "wrapper.pb-project"; name = NiftiImage.xcodeproj; path = ../NiftiImage/NiftiImage.xcodeproj; sourceTree = "<group>"; };
		F6C6A64D16779B940040FBDD /* libz.dylib */ = {isa = PBXFileReference; lastKnownFileType = "compiled.mach-o.dylib"; name = libz.dylib; path = usr/lib/libz.dylib; sourceTree = SDKROOT; };
		F6D581ED1652B415000DA0FF /* procpar.cpp */ = {isa = PBXFileReference; fileEncoding = 4; lastKnownFileType = sourcecode.cpp.cpp; path = procpar.cpp; sourceTree = SOURCE_ROOT; };
		F6FA56B915AC1B5B006A347A /* procparse */ = {isa = PBXFileReference; explicitFileType = "compiled.mach-o.executable"; includeInIndex = 0; path = procparse; sourceTree = BUILT_PRODUCTS_DIR; };
		F6FA56C615AC1B8E006A347A /* main_procparse.cpp */ = {isa = PBXFileReference; explicitFileType = sourcecode.cpp.cpp; fileEncoding = 4; path = main_procparse.cpp; sourceTree = SOURCE_ROOT; };
/* End PBXFileReference section */

/* Begin PBXFrameworksBuildPhase section */
		F6465B4A167782F600444730 /* Frameworks */ = {
			isa = PBXFrameworksBuildPhase;
			buildActionMask = 2147483647;
			files = (
			);
			runOnlyForDeploymentPostprocessing = 0;
		};
		F6687669165D2E3E005490D1 /* Frameworks */ = {
			isa = PBXFrameworksBuildPhase;
			buildActionMask = 2147483647;
			files = (
				F6C6A64E16779B940040FBDD /* libz.dylib in Frameworks */,
				F6C6A64B167799660040FBDD /* libNiftiImage.a in Frameworks */,
				F6465B571677832000444730 /* libRecon.a in Frameworks */,
			);
			runOnlyForDeploymentPostprocessing = 0;
		};
		F6FA56B615AC1B5B006A347A /* Frameworks */ = {
			isa = PBXFrameworksBuildPhase;
			buildActionMask = 2147483647;
			files = (
			);
			runOnlyForDeploymentPostprocessing = 0;
		};
/* End PBXFrameworksBuildPhase section */

/* Begin PBXGroup section */
		F6687663165D2E05005490D1 /* Recon */ = {
			isa = PBXGroup;
			children = (
				F6687665165D2E15005490D1 /* FIDFile.cpp */,
				F6687666165D2E15005490D1 /* FIDFile.h */,
				F6465B1C1677789800444730 /* FID.cpp */,
				F6465B1D1677789800444730 /* FID.h */,
				F6465B4316777E0300444730 /* recon_util.cpp */,
				F6465B4116777D9500444730 /* recon_util.h */,
				F6D581ED1652B415000DA0FF /* procpar.cpp */,
				F6B6672615AC5D980078252F /* procpar.h */,
			);
			name = Recon;
			sourceTree = "<group>";
		};
		F668766E165D2E3E005490D1 /* Executables */ = {
			isa = PBXGroup;
			children = (
				F6FA56C615AC1B8E006A347A /* main_procparse.cpp */,
				F6687676165D2EB1005490D1 /* nrecon.cpp */,
			);
			name = Executables;
			path = Nrecon;
			sourceTree = "<group>";
		};
		F6C6A638167798CD0040FBDD /* Products */ = {
			isa = PBXGroup;
			children = (
				F6C6A63C167798CE0040FBDD /* libNiftiImage.a */,
			);
			name = Products;
			sourceTree = "<group>";
		};
		F6FA56AE15AC1B5B006A347A = {
			isa = PBXGroup;
			children = (
				F6C6A64D16779B940040FBDD /* libz.dylib */,
				F6C6A637167798CD0040FBDD /* NiftiImage.xcodeproj */,
				F6687663165D2E05005490D1 /* Recon */,
				F668766E165D2E3E005490D1 /* Executables */,
				F6FA56BA15AC1B5B006A347A /* Products */,
			);
			sourceTree = "<group>";
		};
		F6FA56BA15AC1B5B006A347A /* Products */ = {
			isa = PBXGroup;
			children = (
				F6FA56B915AC1B5B006A347A /* procparse */,
				F668766C165D2E3E005490D1 /* Nrecon */,
				F6465B4D167782F600444730 /* libRecon.a */,
			);
			name = Products;
			sourceTree = "<group>";
		};
/* End PBXGroup section */

/* Begin PBXHeadersBuildPhase section */
		F6465B4B167782F600444730 /* Headers */ = {
			isa = PBXHeadersBuildPhase;
			buildActionMask = 2147483647;
			files = (
			);
			runOnlyForDeploymentPostprocessing = 0;
		};
/* End PBXHeadersBuildPhase section */

/* Begin PBXNativeTarget section */
		F6465B4C167782F600444730 /* Recon */ = {
			isa = PBXNativeTarget;
			buildConfigurationList = F6465B4E167782F600444730 /* Build configuration list for PBXNativeTarget "Recon" */;
			buildPhases = (
				F6465B49167782F600444730 /* Sources */,
				F6465B4A167782F600444730 /* Frameworks */,
				F6465B4B167782F600444730 /* Headers */,
			);
			buildRules = (
			);
			dependencies = (
			);
			name = Recon;
			productName = Recon;
			productReference = F6465B4D167782F600444730 /* libRecon.a */;
			productType = "com.apple.product-type.library.static";
		};
		F668766B165D2E3E005490D1 /* Nrecon */ = {
			isa = PBXNativeTarget;
			buildConfigurationList = F6687673165D2E3E005490D1 /* Build configuration list for PBXNativeTarget "Nrecon" */;
			buildPhases = (
				F6687668165D2E3E005490D1 /* Sources */,
				F6687669165D2E3E005490D1 /* Frameworks */,
				F668766A165D2E3E005490D1 /* CopyFiles */,
			);
			buildRules = (
			);
			dependencies = (
				F6C6A64A167799620040FBDD /* PBXTargetDependency */,
				F6465B561677831C00444730 /* PBXTargetDependency */,
			);
			name = Nrecon;
			productName = Nrecon;
			productReference = F668766C165D2E3E005490D1 /* Nrecon */;
			productType = "com.apple.product-type.tool";
		};
		F6FA56B815AC1B5B006A347A /* procparse */ = {
			isa = PBXNativeTarget;
			buildConfigurationList = F6FA56C315AC1B5B006A347A /* Build configuration list for PBXNativeTarget "procparse" */;
			buildPhases = (
				F6FA56B515AC1B5B006A347A /* Sources */,
				F6FA56B615AC1B5B006A347A /* Frameworks */,
				F6FA56B715AC1B5B006A347A /* CopyFiles */,
			);
			buildRules = (
			);
			dependencies = (
			);
			name = procparse;
			productName = procparse;
			productReference = F6FA56B915AC1B5B006A347A /* procparse */;
			productType = "com.apple.product-type.tool";
		};
/* End PBXNativeTarget section */

/* Begin PBXProject section */
		F6FA56B015AC1B5B006A347A /* Project object */ = {
			isa = PBXProject;
			attributes = {
				LastUpgradeCheck = 0430;
			};
			buildConfigurationList = F6FA56B315AC1B5B006A347A /* Build configuration list for PBXProject "Nrecon" */;
			compatibilityVersion = "Xcode 3.2";
			developmentRegion = English;
			hasScannedForEncodings = 0;
			knownRegions = (
				en,
			);
			mainGroup = F6FA56AE15AC1B5B006A347A;
			productRefGroup = F6FA56BA15AC1B5B006A347A /* Products */;
			projectDirPath = "";
			projectReferences = (
				{
					ProductGroup = F6C6A638167798CD0040FBDD /* Products */;
					ProjectRef = F6C6A637167798CD0040FBDD /* NiftiImage.xcodeproj */;
				},
			);
			projectRoot = "";
			targets = (
				F6FA56B815AC1B5B006A347A /* procparse */,
				F668766B165D2E3E005490D1 /* Nrecon */,
				F6465B4C167782F600444730 /* Recon */,
			);
		};
/* End PBXProject section */

/* Begin PBXReferenceProxy section */
		F6C6A63C167798CE0040FBDD /* libNiftiImage.a */ = {
			isa = PBXReferenceProxy;
			fileType = archive.ar;
			path = libNiftiImage.a;
			remoteRef = F6C6A63B167798CE0040FBDD /* PBXContainerItemProxy */;
			sourceTree = BUILT_PRODUCTS_DIR;
		};
/* End PBXReferenceProxy section */

/* Begin PBXSourcesBuildPhase section */
		F6465B49167782F600444730 /* Sources */ = {
			isa = PBXSourcesBuildPhase;
			buildActionMask = 2147483647;
			files = (
				F6465B511677830100444730 /* FIDFile.cpp in Sources */,
				F6465B521677830100444730 /* FID.cpp in Sources */,
				F6465B531677830100444730 /* recon_util.cpp in Sources */,
				F6465B541677830100444730 /* procpar.cpp in Sources */,
			);
			runOnlyForDeploymentPostprocessing = 0;
		};
		F6687668165D2E3E005490D1 /* Sources */ = {
			isa = PBXSourcesBuildPhase;
			buildActionMask = 2147483647;
			files = (
				F6687677165D2EB1005490D1 /* nrecon.cpp in Sources */,
			);
			runOnlyForDeploymentPostprocessing = 0;
		};
		F6FA56B515AC1B5B006A347A /* Sources */ = {
			isa = PBXSourcesBuildPhase;
			buildActionMask = 2147483647;
			files = (
				F6FA56C715AC1B8E006A347A /* main_procparse.cpp in Sources */,
				F6687667165D2E15005490D1 /* FIDFile.cpp in Sources */,
			);
			runOnlyForDeploymentPostprocessing = 0;
		};
/* End PBXSourcesBuildPhase section */

/* Begin PBXTargetDependency section */
		F6465B561677831C00444730 /* PBXTargetDependency */ = {
			isa = PBXTargetDependency;
			target = F6465B4C167782F600444730 /* Recon */;
			targetProxy = F6465B551677831C00444730 /* PBXContainerItemProxy */;
		};
		F6C6A64A167799620040FBDD /* PBXTargetDependency */ = {
			isa = PBXTargetDependency;
			name = NiftiImage;
			targetProxy = F6C6A649167799620040FBDD /* PBXContainerItemProxy */;
		};
/* End PBXTargetDependency section */

/* Begin XCBuildConfiguration section */
		F6465B4F167782F600444730 /* Debug */ = {
			isa = XCBuildConfiguration;
			buildSettings = {
				CLANG_CXX_LANGUAGE_STANDARD = "gnu++0x";
				CLANG_CXX_LIBRARY = "libc++";
				CLANG_WARN_EMPTY_BODY = YES;
				CLANG_WARN__DUPLICATE_METHOD_MATCH = YES;
				EXECUTABLE_PREFIX = lib;
				ONLY_ACTIVE_ARCH = YES;
				PRODUCT_NAME = "$(TARGET_NAME)";
			};
			name = Debug;
		};
		F6465B50167782F600444730 /* Release */ = {
			isa = XCBuildConfiguration;
			buildSettings = {
				CLANG_CXX_LANGUAGE_STANDARD = "gnu++0x";
				CLANG_CXX_LIBRARY = "libc++";
				CLANG_WARN_EMPTY_BODY = YES;
				CLANG_WARN__DUPLICATE_METHOD_MATCH = YES;
				EXECUTABLE_PREFIX = lib;
				PRODUCT_NAME = "$(TARGET_NAME)";
			};
			name = Release;
		};
		F6687674165D2E3E005490D1 /* Debug */ = {
			isa = XCBuildConfiguration;
			buildSettings = {
				CLANG_CXX_LANGUAGE_STANDARD = "gnu++0x";
				CLANG_CXX_LIBRARY = "libc++";
				CLANG_WARN_EMPTY_BODY = YES;
				CLANG_WARN__DUPLICATE_METHOD_MATCH = YES;
				ONLY_ACTIVE_ARCH = YES;
				PRODUCT_NAME = "$(TARGET_NAME)";
			};
			name = Debug;
		};
		F6687675165D2E3E005490D1 /* Release */ = {
			isa = XCBuildConfiguration;
			buildSettings = {
				CLANG_CXX_LANGUAGE_STANDARD = "gnu++0x";
				CLANG_CXX_LIBRARY = "libc++";
				CLANG_WARN_EMPTY_BODY = YES;
				CLANG_WARN__DUPLICATE_METHOD_MATCH = YES;
				PRODUCT_NAME = "$(TARGET_NAME)";
			};
			name = Release;
		};
		F6FA56C115AC1B5B006A347A /* Debug */ = {
			isa = XCBuildConfiguration;
			buildSettings = {
				ALWAYS_SEARCH_USER_PATHS = YES;
				ARCHS = "$(ARCHS_STANDARD_64_BIT)";
				CLANG_CXX_LANGUAGE_STANDARD = "c++0x";
				CLANG_CXX_LIBRARY = "libc++";
				COPY_PHASE_STRIP = NO;
				GCC_C_LANGUAGE_STANDARD = gnu99;
				GCC_DYNAMIC_NO_PIC = NO;
				GCC_ENABLE_OBJC_EXCEPTIONS = YES;
				GCC_OPTIMIZATION_LEVEL = 0;
				GCC_PREPROCESSOR_DEFINITIONS = (
					"DEBUG=1",
					"$(inherited)",
				);
				GCC_SYMBOLS_PRIVATE_EXTERN = NO;
				GCC_VERSION = com.apple.compilers.llvm.clang.1_0;
				GCC_WARN_64_TO_32_BIT_CONVERSION = YES;
				GCC_WARN_ABOUT_RETURN_TYPE = YES;
				GCC_WARN_UNINITIALIZED_AUTOS = YES;
				GCC_WARN_UNUSED_VARIABLE = YES;
				HEADER_SEARCH_PATHS = /Users/Tobias/Code/MR/eigen;
				MACOSX_DEPLOYMENT_TARGET = 10.7;
				ONLY_ACTIVE_ARCH = NO;
				SDKROOT = macosx;
			};
			name = Debug;
		};
		F6FA56C215AC1B5B006A347A /* Release */ = {
			isa = XCBuildConfiguration;
			buildSettings = {
				ALWAYS_SEARCH_USER_PATHS = YES;
				ARCHS = "$(ARCHS_STANDARD_64_BIT)";
				CLANG_CXX_LANGUAGE_STANDARD = "c++0x";
				CLANG_CXX_LIBRARY = "libc++";
				COPY_PHASE_STRIP = YES;
				DEBUG_INFORMATION_FORMAT = "dwarf-with-dsym";
				GCC_C_LANGUAGE_STANDARD = gnu99;
				GCC_ENABLE_OBJC_EXCEPTIONS = YES;
				GCC_VERSION = com.apple.compilers.llvm.clang.1_0;
				GCC_WARN_64_TO_32_BIT_CONVERSION = YES;
				GCC_WARN_ABOUT_RETURN_TYPE = YES;
				GCC_WARN_UNINITIALIZED_AUTOS = YES;
				GCC_WARN_UNUSED_VARIABLE = YES;
				HEADER_SEARCH_PATHS = /Users/Tobias/Code/MR/eigen;
				MACOSX_DEPLOYMENT_TARGET = 10.7;
				ONLY_ACTIVE_ARCH = NO;
				SDKROOT = macosx;
			};
			name = Release;
		};
		F6FA56C415AC1B5B006A347A /* Debug */ = {
			isa = XCBuildConfiguration;
			buildSettings = {
				CLANG_CXX_LANGUAGE_STANDARD = "c++0x";
				CLANG_CXX_LIBRARY = "libc++";
				GCC_C_LANGUAGE_STANDARD = c99;
				PRODUCT_NAME = "$(TARGET_NAME)";
			};
			name = Debug;
		};
		F6FA56C515AC1B5B006A347A /* Release */ = {
			isa = XCBuildConfiguration;
			buildSettings = {
				CLANG_CXX_LANGUAGE_STANDARD = "c++0x";
				CLANG_CXX_LIBRARY = "libc++";
				GCC_C_LANGUAGE_STANDARD = c99;
				PRODUCT_NAME = "$(TARGET_NAME)";
			};
			name = Release;
		};
/* End XCBuildConfiguration section */

/* Begin XCConfigurationList section */
		F6465B4E167782F600444730 /* Build configuration list for PBXNativeTarget "Recon" */ = {
			isa = XCConfigurationList;
			buildConfigurations = (
				F6465B4F167782F600444730 /* Debug */,
				F6465B50167782F600444730 /* Release */,
			);
			defaultConfigurationIsVisible = 0;
			defaultConfigurationName = Release;
		};
		F6687673165D2E3E005490D1 /* Build configuration list for PBXNativeTarget "Nrecon" */ = {
			isa = XCConfigurationList;
			buildConfigurations = (
				F6687674165D2E3E005490D1 /* Debug */,
				F6687675165D2E3E005490D1 /* Release */,
			);
			defaultConfigurationIsVisible = 0;
			defaultConfigurationName = Release;
		};
		F6FA56B315AC1B5B006A347A /* Build configuration list for PBXProject "Nrecon" */ = {
			isa = XCConfigurationList;
			buildConfigurations = (
				F6FA56C115AC1B5B006A347A /* Debug */,
				F6FA56C215AC1B5B006A347A /* Release */,
			);
			defaultConfigurationIsVisible = 0;
			defaultConfigurationName = Release;
		};
		F6FA56C315AC1B5B006A347A /* Build configuration list for PBXNativeTarget "procparse" */ = {
			isa = XCConfigurationList;
			buildConfigurations = (
				F6FA56C415AC1B5B006A347A /* Debug */,
				F6FA56C515AC1B5B006A347A /* Release */,
			);
			defaultConfigurationIsVisible = 0;
			defaultConfigurationName = Release;
		};
/* End XCConfigurationList section */
	};
	rootObject = F6FA56B015AC1B5B006A347A /* Project object */;
}
