// !$*UTF8*$!
{
	archiveVersion = 1;
	classes = {
	};
	objectVersion = 46;
	objects = {

/* Begin PBXBuildFile section */
		F6BA458318EAABFD00E69FDD /* Extension.cpp in Sources */ = {isa = PBXBuildFile; fileRef = F6BA457418EAABFD00E69FDD /* Extension.cpp */; };
		F6BA458418EAABFD00E69FDD /* ExtensionCodes.h in Headers */ = {isa = PBXBuildFile; fileRef = F6BA457518EAABFD00E69FDD /* ExtensionCodes.h */; };
		F6BA458618EAABFD00E69FDD /* Internal.cpp in Sources */ = {isa = PBXBuildFile; fileRef = F6BA457718EAABFD00E69FDD /* Internal.cpp */; };
		F6BA458818EAABFD00E69FDD /* nifti_analyze.h in Headers */ = {isa = PBXBuildFile; fileRef = F6BA457918EAABFD00E69FDD /* nifti_analyze.h */; };
		F6BA458918EAABFD00E69FDD /* Nifti-inl.h in Headers */ = {isa = PBXBuildFile; fileRef = F6BA457A18EAABFD00E69FDD /* Nifti-inl.h */; };
		F6BA458A18EAABFD00E69FDD /* Nifti.cpp in Sources */ = {isa = PBXBuildFile; fileRef = F6BA457B18EAABFD00E69FDD /* Nifti.cpp */; };
		F6BA458B18EAABFD00E69FDD /* Nifti.h in Headers */ = {isa = PBXBuildFile; fileRef = F6BA457C18EAABFD00E69FDD /* Nifti.h */; };
		F6BA458C18EAABFD00E69FDD /* nifti1.h in Headers */ = {isa = PBXBuildFile; fileRef = F6BA457D18EAABFD00E69FDD /* nifti1.h */; };
		F6BA458D18EAABFD00E69FDD /* Volume-inl.h in Headers */ = {isa = PBXBuildFile; fileRef = F6BA457E18EAABFD00E69FDD /* Volume-inl.h */; };
		F6BA458E18EAABFD00E69FDD /* Volume.cpp in Sources */ = {isa = PBXBuildFile; fileRef = F6BA457F18EAABFD00E69FDD /* Volume.cpp */; };
		F6BA458F18EAABFD00E69FDD /* Volume.h in Headers */ = {isa = PBXBuildFile; fileRef = F6BA458018EAABFD00E69FDD /* Volume.h */; };
		F6BA459018EAABFD00E69FDD /* ZipFile.cpp in Sources */ = {isa = PBXBuildFile; fileRef = F6BA458118EAABFD00E69FDD /* ZipFile.cpp */; };
		F6BA459118EAABFD00E69FDD /* ZipFile.h in Headers */ = {isa = PBXBuildFile; fileRef = F6BA458218EAABFD00E69FDD /* ZipFile.h */; };
/* End PBXBuildFile section */

/* Begin PBXFileReference section */
		F6BA457418EAABFD00E69FDD /* Extension.cpp */ = {isa = PBXFileReference; fileEncoding = 4; lastKnownFileType = sourcecode.cpp.cpp; name = Extension.cpp; path = Nifti/Extension.cpp; sourceTree = "<group>"; };
		F6BA457518EAABFD00E69FDD /* ExtensionCodes.h */ = {isa = PBXFileReference; fileEncoding = 4; lastKnownFileType = sourcecode.c.h; name = ExtensionCodes.h; path = Nifti/ExtensionCodes.h; sourceTree = "<group>"; };
		F6BA457618EAABFD00E69FDD /* Internal-inl.h */ = {isa = PBXFileReference; fileEncoding = 4; lastKnownFileType = sourcecode.c.h; name = "Internal-inl.h"; path = "Nifti/Internal-inl.h"; sourceTree = "<group>"; };
		F6BA457718EAABFD00E69FDD /* Internal.cpp */ = {isa = PBXFileReference; fileEncoding = 4; lastKnownFileType = sourcecode.cpp.cpp; name = Internal.cpp; path = Nifti/Internal.cpp; sourceTree = "<group>"; };
		F6BA457818EAABFD00E69FDD /* Internal.h */ = {isa = PBXFileReference; fileEncoding = 4; lastKnownFileType = sourcecode.c.h; name = Internal.h; path = Nifti/Internal.h; sourceTree = "<group>"; };
		F6BA457918EAABFD00E69FDD /* nifti_analyze.h */ = {isa = PBXFileReference; fileEncoding = 4; lastKnownFileType = sourcecode.c.h; name = nifti_analyze.h; path = Nifti/nifti_analyze.h; sourceTree = "<group>"; };
		F6BA457A18EAABFD00E69FDD /* Nifti-inl.h */ = {isa = PBXFileReference; fileEncoding = 4; lastKnownFileType = sourcecode.c.h; name = "Nifti-inl.h"; path = "Nifti/Nifti-inl.h"; sourceTree = "<group>"; };
		F6BA457B18EAABFD00E69FDD /* Nifti.cpp */ = {isa = PBXFileReference; fileEncoding = 4; lastKnownFileType = sourcecode.cpp.cpp; name = Nifti.cpp; path = Nifti/Nifti.cpp; sourceTree = "<group>"; };
		F6BA457C18EAABFD00E69FDD /* Nifti.h */ = {isa = PBXFileReference; fileEncoding = 4; lastKnownFileType = sourcecode.c.h; name = Nifti.h; path = Nifti/Nifti.h; sourceTree = "<group>"; };
		F6BA457D18EAABFD00E69FDD /* nifti1.h */ = {isa = PBXFileReference; fileEncoding = 4; lastKnownFileType = sourcecode.c.h; name = nifti1.h; path = Nifti/nifti1.h; sourceTree = "<group>"; };
		F6BA457E18EAABFD00E69FDD /* Volume-inl.h */ = {isa = PBXFileReference; fileEncoding = 4; lastKnownFileType = sourcecode.c.h; name = "Volume-inl.h"; path = "Nifti/Volume-inl.h"; sourceTree = "<group>"; };
		F6BA457F18EAABFD00E69FDD /* Volume.cpp */ = {isa = PBXFileReference; fileEncoding = 4; lastKnownFileType = sourcecode.cpp.cpp; name = Volume.cpp; path = Nifti/Volume.cpp; sourceTree = "<group>"; };
		F6BA458018EAABFD00E69FDD /* Volume.h */ = {isa = PBXFileReference; fileEncoding = 4; lastKnownFileType = sourcecode.c.h; name = Volume.h; path = Nifti/Volume.h; sourceTree = "<group>"; };
		F6BA458118EAABFD00E69FDD /* ZipFile.cpp */ = {isa = PBXFileReference; fileEncoding = 4; lastKnownFileType = sourcecode.cpp.cpp; name = ZipFile.cpp; path = Nifti/ZipFile.cpp; sourceTree = "<group>"; };
		F6BA458218EAABFD00E69FDD /* ZipFile.h */ = {isa = PBXFileReference; fileEncoding = 4; lastKnownFileType = sourcecode.c.h; name = ZipFile.h; path = Nifti/ZipFile.h; sourceTree = "<group>"; };
		F6F2E6EF1792164800A4AC8F /* libNifti.a */ = {isa = PBXFileReference; explicitFileType = archive.ar; includeInIndex = 0; path = libNifti.a; sourceTree = BUILT_PRODUCTS_DIR; };
/* End PBXFileReference section */

/* Begin PBXFrameworksBuildPhase section */
		F6F2E6EC1792164800A4AC8F /* Frameworks */ = {
			isa = PBXFrameworksBuildPhase;
			buildActionMask = 2147483647;
			files = (
			);
			runOnlyForDeploymentPostprocessing = 0;
		};
/* End PBXFrameworksBuildPhase section */

/* Begin PBXGroup section */
		F6E9DA9716022CD1005D73E3 = {
			isa = PBXGroup;
			children = (
				F6E9DAB516022D0B005D73E3 /* Source */,
				F6F2E6EF1792164800A4AC8F /* libNifti.a */,
			);
			sourceTree = "<group>";
		};
		F6E9DAB516022D0B005D73E3 /* Source */ = {
			isa = PBXGroup;
			children = (
				F6BA457418EAABFD00E69FDD /* Extension.cpp */,
				F6BA457518EAABFD00E69FDD /* ExtensionCodes.h */,
				F6BA457618EAABFD00E69FDD /* Internal-inl.h */,
				F6BA457718EAABFD00E69FDD /* Internal.cpp */,
				F6BA457818EAABFD00E69FDD /* Internal.h */,
				F6BA457918EAABFD00E69FDD /* nifti_analyze.h */,
				F6BA457A18EAABFD00E69FDD /* Nifti-inl.h */,
				F6BA457B18EAABFD00E69FDD /* Nifti.cpp */,
				F6BA457C18EAABFD00E69FDD /* Nifti.h */,
				F6BA457D18EAABFD00E69FDD /* nifti1.h */,
				F6BA457E18EAABFD00E69FDD /* Volume-inl.h */,
				F6BA457F18EAABFD00E69FDD /* Volume.cpp */,
				F6BA458018EAABFD00E69FDD /* Volume.h */,
				F6BA458118EAABFD00E69FDD /* ZipFile.cpp */,
				F6BA458218EAABFD00E69FDD /* ZipFile.h */,
			);
			name = Source;
			sourceTree = "<group>";
		};
/* End PBXGroup section */

/* Begin PBXHeadersBuildPhase section */
		F6F2E6ED1792164800A4AC8F /* Headers */ = {
			isa = PBXHeadersBuildPhase;
			buildActionMask = 2147483647;
			files = (
				F6BA458F18EAABFD00E69FDD /* Volume.h in Headers */,
				F6BA458418EAABFD00E69FDD /* ExtensionCodes.h in Headers */,
				F6BA458D18EAABFD00E69FDD /* Volume-inl.h in Headers */,
				F6BA459118EAABFD00E69FDD /* ZipFile.h in Headers */,
				F6BA458918EAABFD00E69FDD /* Nifti-inl.h in Headers */,
				F6BA458B18EAABFD00E69FDD /* Nifti.h in Headers */,
				F6BA458818EAABFD00E69FDD /* nifti_analyze.h in Headers */,
				F6BA458C18EAABFD00E69FDD /* nifti1.h in Headers */,
			);
			runOnlyForDeploymentPostprocessing = 0;
		};
/* End PBXHeadersBuildPhase section */

/* Begin PBXNativeTarget section */
		F6F2E6EE1792164800A4AC8F /* Nifti */ = {
			isa = PBXNativeTarget;
			buildConfigurationList = F6F2E6F01792164800A4AC8F /* Build configuration list for PBXNativeTarget "Nifti" */;
			buildPhases = (
				F6F2E6EB1792164800A4AC8F /* Sources */,
				F6F2E6EC1792164800A4AC8F /* Frameworks */,
				F6F2E6ED1792164800A4AC8F /* Headers */,
			);
			buildRules = (
			);
			dependencies = (
			);
			name = Nifti;
			productName = Nifti;
			productReference = F6F2E6EF1792164800A4AC8F /* libNifti.a */;
			productType = "com.apple.product-type.library.static";
		};
/* End PBXNativeTarget section */

/* Begin PBXProject section */
		F6E9DA9916022CD1005D73E3 /* Project object */ = {
			isa = PBXProject;
			attributes = {
				LastUpgradeCheck = 0440;
				ORGANIZATIONNAME = "Tobias Wood";
			};
			buildConfigurationList = F6E9DA9C16022CD1005D73E3 /* Build configuration list for PBXProject "Nifti" */;
			compatibilityVersion = "Xcode 3.2";
			developmentRegion = English;
			hasScannedForEncodings = 0;
			knownRegions = (
				en,
			);
			mainGroup = F6E9DA9716022CD1005D73E3;
			productRefGroup = F6E9DA9716022CD1005D73E3;
			projectDirPath = "";
			projectRoot = "";
			targets = (
				F6F2E6EE1792164800A4AC8F /* Nifti */,
			);
		};
/* End PBXProject section */

/* Begin PBXSourcesBuildPhase section */
		F6F2E6EB1792164800A4AC8F /* Sources */ = {
			isa = PBXSourcesBuildPhase;
			buildActionMask = 2147483647;
			files = (
				F6BA458618EAABFD00E69FDD /* Internal.cpp in Sources */,
				F6BA458A18EAABFD00E69FDD /* Nifti.cpp in Sources */,
				F6BA459018EAABFD00E69FDD /* ZipFile.cpp in Sources */,
				F6BA458318EAABFD00E69FDD /* Extension.cpp in Sources */,
				F6BA458E18EAABFD00E69FDD /* Volume.cpp in Sources */,
			);
			runOnlyForDeploymentPostprocessing = 0;
		};
/* End PBXSourcesBuildPhase section */

/* Begin XCBuildConfiguration section */
		F6E9DAA416022CD1005D73E3 /* Debug */ = {
			isa = XCBuildConfiguration;
			buildSettings = {
				ALWAYS_SEARCH_USER_PATHS = YES;
				ARCHS = "$(ARCHS_STANDARD_64_BIT)";
				CLANG_CXX_LANGUAGE_STANDARD = "c++0x";
				CLANG_CXX_LIBRARY = "libc++";
				CLANG_WARN__DUPLICATE_METHOD_MATCH = YES;
				COPY_PHASE_STRIP = NO;
				GCC_C_LANGUAGE_STANDARD = c99;
				GCC_DYNAMIC_NO_PIC = NO;
				GCC_ENABLE_OBJC_EXCEPTIONS = YES;
				GCC_OPTIMIZATION_LEVEL = 0;
				GCC_PREPROCESSOR_DEFINITIONS = (
					"DEBUG=1",
					"$(inherited)",
				);
				GCC_WARN_64_TO_32_BIT_CONVERSION = YES;
				GCC_WARN_ABOUT_RETURN_TYPE = YES;
				GCC_WARN_UNINITIALIZED_AUTOS = YES;
				GCC_WARN_UNUSED_VARIABLE = YES;
				HEADER_SEARCH_PATHS = "~/Code/eigen";
				MACOSX_DEPLOYMENT_TARGET = 10.7;
				ONLY_ACTIVE_ARCH = YES;
				OTHER_CPLUSPLUSFLAGS = (
					"$(OTHER_CFLAGS)",
					"-Wno-deprecated-register",
					"-ferror-limit=5",
				);
				USER_HEADER_SEARCH_PATHS = "$(PROJECT_DIR)";
			};
			name = Debug;
		};
		F6E9DAA516022CD1005D73E3 /* Release */ = {
			isa = XCBuildConfiguration;
			buildSettings = {
				ALWAYS_SEARCH_USER_PATHS = YES;
				ARCHS = "$(ARCHS_STANDARD_64_BIT)";
				CLANG_CXX_LANGUAGE_STANDARD = "c++0x";
				CLANG_CXX_LIBRARY = "libc++";
				CLANG_WARN__DUPLICATE_METHOD_MATCH = YES;
				COPY_PHASE_STRIP = YES;
				DEBUG_INFORMATION_FORMAT = "dwarf-with-dsym";
				GCC_C_LANGUAGE_STANDARD = c99;
				GCC_ENABLE_OBJC_EXCEPTIONS = YES;
				GCC_OPTIMIZATION_LEVEL = 3;
				GCC_WARN_64_TO_32_BIT_CONVERSION = YES;
				GCC_WARN_ABOUT_RETURN_TYPE = YES;
				GCC_WARN_UNINITIALIZED_AUTOS = YES;
				GCC_WARN_UNUSED_VARIABLE = YES;
				HEADER_SEARCH_PATHS = "~/Code/eigen";
				MACOSX_DEPLOYMENT_TARGET = 10.7;
				OTHER_CPLUSPLUSFLAGS = (
					"$(OTHER_CFLAGS)",
					"-Wno-deprecated-register",
					"-ferror-limit=5",
				);
				USER_HEADER_SEARCH_PATHS = "$(PROJECT_DIR)";
			};
			name = Release;
		};
		F6F2E6F11792164800A4AC8F /* Debug */ = {
			isa = XCBuildConfiguration;
			buildSettings = {
				ALWAYS_SEARCH_USER_PATHS = NO;
				CLANG_WARN_CONSTANT_CONVERSION = YES;
				CLANG_WARN_EMPTY_BODY = YES;
				CLANG_WARN_ENUM_CONVERSION = YES;
				CLANG_WARN_INT_CONVERSION = YES;
				EXECUTABLE_PREFIX = lib;
				PRODUCT_NAME = "$(TARGET_NAME)";
				SDKROOT = macosx;
			};
			name = Debug;
		};
		F6F2E6F21792164800A4AC8F /* Release */ = {
			isa = XCBuildConfiguration;
			buildSettings = {
				ALWAYS_SEARCH_USER_PATHS = NO;
				CLANG_WARN_CONSTANT_CONVERSION = YES;
				CLANG_WARN_EMPTY_BODY = YES;
				CLANG_WARN_ENUM_CONVERSION = YES;
				CLANG_WARN_INT_CONVERSION = YES;
				EXECUTABLE_PREFIX = lib;
				PRODUCT_NAME = "$(TARGET_NAME)";
				SDKROOT = macosx;
			};
			name = Release;
		};
/* End XCBuildConfiguration section */

/* Begin XCConfigurationList section */
		F6E9DA9C16022CD1005D73E3 /* Build configuration list for PBXProject "Nifti" */ = {
			isa = XCConfigurationList;
			buildConfigurations = (
				F6E9DAA416022CD1005D73E3 /* Debug */,
				F6E9DAA516022CD1005D73E3 /* Release */,
			);
			defaultConfigurationIsVisible = 0;
			defaultConfigurationName = Release;
		};
		F6F2E6F01792164800A4AC8F /* Build configuration list for PBXNativeTarget "Nifti" */ = {
			isa = XCConfigurationList;
			buildConfigurations = (
				F6F2E6F11792164800A4AC8F /* Debug */,
				F6F2E6F21792164800A4AC8F /* Release */,
			);
			defaultConfigurationIsVisible = 0;
			defaultConfigurationName = Release;
		};
/* End XCConfigurationList section */
	};
	rootObject = F6E9DA9916022CD1005D73E3 /* Project object */;
}
